// !$*UTF8*$!
{
	archiveVersion = 1;
	classes = {
	};
	objectVersion = 60;
	objects = {

/* Begin PBXBuildFile section */
		053AB9A62F723B910084C0E2 /* TabletManager.swift in Sources */ = {isa = PBXBuildFile; fileRef = 053AB9A52F723B910084C0E2 /* TabletManager.swift */; };
		057B24D82F899E3A0032B29E /* Path+SVGData.swift in Sources */ = {isa = PBXBuildFile; fileRef = 057B24D72F899E3A0032B29E /* Path+SVGData.swift */; };
		05A04B822FCA009F00D64F90 /* TabletKit in Frameworks */ = {isa = PBXBuildFile; productRef = 05A04B812FCA009F00D64F90 /* TabletKit */; };
		05BFE59C2F79FE5200782B9E /* AboutWindowController.swift in Sources */ = {isa = PBXBuildFile; fileRef = 05BFE59B2F79FE5200782B9E /* AboutWindowController.swift */; };
		05D7EB7B2F79E6E30086E03F /* AboutView.swift in Sources */ = {isa = PBXBuildFile; fileRef = 05D7EB7A2F79E6E30086E03F /* AboutView.swift */; };
		05FE52CD2F99A5350084E37D /* PrivacyInfo.xcprivacy in Resources */ = {isa = PBXBuildFile; fileRef = 05FE52CC2F99A5350084E37D /* PrivacyInfo.xcprivacy */; };
		05FE52D12F9E8D730084E37D /* AppIcon.icon in Resources */ = {isa = PBXBuildFile; fileRef = 05FE52D02F9E8D730084E37D /* AppIcon.icon */; };
		4BD0B8E0541D4BBB82F9A3BB /* CalibrationOverlayWindow.swift in Sources */ = {isa = PBXBuildFile; fileRef = F3D0D50313CE4401A9B8AC2A /* CalibrationOverlayWindow.swift */; };
		A62404859BAF4F58B6F4409D /* CalibrationOverlayView.swift in Sources */ = {isa = PBXBuildFile; fileRef = BDC20CF025504F52A66B1155 /* CalibrationOverlayView.swift */; };
		AA000001 /* MockTabApp.swift in Sources */ = {isa = PBXBuildFile; fileRef = AB000001 /* MockTabApp.swift */; };
		AA000002 /* StatusItemController.swift in Sources */ = {isa = PBXBuildFile; fileRef = AB000002 /* StatusItemController.swift */; };
		AA000074 /* MainMenuBuilder.swift in Sources */ = {isa = PBXBuildFile; fileRef = AB000074 /* MainMenuBuilder.swift */; };
		AA000008 /* InputInjector.swift in Sources */ = {isa = PBXBuildFile; fileRef = AB000008 /* InputInjector.swift */; };
		AA000081 /* InputInjector+PenInjection.swift in Sources */ = {isa = PBXBuildFile; fileRef = AB000081 /* InputInjector+PenInjection.swift */; };
		AA000082 /* InputInjector+AuxInput.swift in Sources */ = {isa = PBXBuildFile; fileRef = AB000082 /* InputInjector+AuxInput.swift */; };
		AA000083 /* InputInjector+Touch.swift in Sources */ = {isa = PBXBuildFile; fileRef = AB000083 /* InputInjector+Touch.swift */; };
		AA000084 /* InputInjector+CGEvents.swift in Sources */ = {isa = PBXBuildFile; fileRef = AB000084 /* InputInjector+CGEvents.swift */; };
		AA0000DM /* DisplayMapper.swift in Sources */ = {isa = PBXBuildFile; fileRef = AB0000DM /* DisplayMapper.swift */; };
		AA000009 /* TabletSettings.swift in Sources */ = {isa = PBXBuildFile; fileRef = AB000009 /* TabletSettings.swift */; };
		AA000010 /* BezierCurve.swift in Sources */ = {isa = PBXBuildFile; fileRef = AB000010 /* BezierCurve.swift */; };
		AA002099 /* UnknownFieldsCodable.swift in Sources */ = {isa = PBXBuildFile; fileRef = AB002099 /* UnknownFieldsCodable.swift */; };
		AA000012 /* TabletAreaView.swift in Sources */ = {isa = PBXBuildFile; fileRef = AB000012 /* TabletAreaView.swift */; };
		AA000013 /* PenFeelView.swift in Sources */ = {isa = PBXBuildFile; fileRef = AB000013 /* PenFeelView.swift */; };
		AA000014 /* ButtonMappingView.swift in Sources */ = {isa = PBXBuildFile; fileRef = AB000014 /* ButtonMappingView.swift */; };
		AA000015 /* DisplayMappingView.swift in Sources */ = {isa = PBXBuildFile; fileRef = AB000015 /* DisplayMappingView.swift */; };
		AA000016 /* ScratchpadView.swift in Sources */ = {isa = PBXBuildFile; fileRef = AB000016 /* ScratchpadView.swift */; };
		AA000017 /* SettingsWindowManager.swift in Sources */ = {isa = PBXBuildFile; fileRef = AB000017 /* SettingsWindowManager.swift */; };
		AA000030 /* Assets.xcassets in Resources */ = {isa = PBXBuildFile; fileRef = AB000030 /* Assets.xcassets */; };
		AA000033 /* InfoView.swift in Sources */ = {isa = PBXBuildFile; fileRef = AB000033 /* InfoView.swift */; };
		AA0000A0 /* ConflictDetection.swift in Sources */ = {isa = PBXBuildFile; fileRef = AB0000A0 /* ConflictDetection.swift */; };
		AA000034 /* ProfilesView.swift in Sources */ = {isa = PBXBuildFile; fileRef = AB000034 /* ProfilesView.swift */; };
		AA000035 /* AppWatcher.swift in Sources */ = {isa = PBXBuildFile; fileRef = AB000035 /* AppWatcher.swift */; };
		AA000036 /* AppMenuController.swift in Sources */ = {isa = PBXBuildFile; fileRef = AB000036 /* AppMenuController.swift */; };
		AA000039 /* DeviceRegistry.swift in Sources */ = {isa = PBXBuildFile; fileRef = AB000039 /* DeviceRegistry.swift */; };
		AA000040 /* DevicesView.swift in Sources */ = {isa = PBXBuildFile; fileRef = AB000040 /* DevicesView.swift */; };
		AA000041 /* DeviceStatusBar.swift in Sources */ = {isa = PBXBuildFile; fileRef = AB000041 /* DeviceStatusBar.swift */; };
		AA000042 /* DeviceContext.swift in Sources */ = {isa = PBXBuildFile; fileRef = AB000042 /* DeviceContext.swift */; };
		AA000043 /* SettingsWindowController.swift in Sources */ = {isa = PBXBuildFile; fileRef = AB000043 /* SettingsWindowController.swift */; };
		AA000044 /* ToolSettings.swift in Sources */ = {isa = PBXBuildFile; fileRef = AB000044 /* ToolSettings.swift */; };
		AA000045 /* WacomFallbackDevice.swift in Sources */ = {isa = PBXBuildFile; fileRef = AB000045 /* WacomFallbackDevice.swift */; };
		AA000049 /* WacomKnownDevice.swift in Sources */ = {isa = PBXBuildFile; fileRef = AB000049 /* WacomKnownDevice.swift */; };
		AA0000A2 /* WacomKnownDevice+XencelabsOutput.swift in Sources */ = {isa = PBXBuildFile; fileRef = AB0000A2 /* WacomKnownDevice+XencelabsOutput.swift */; };
		AA0000A1 /* WacomKnownDevice+DisplayOutput.swift in Sources */ = {isa = PBXBuildFile; fileRef = AB0000A1 /* WacomKnownDevice+DisplayOutput.swift */; };
		AA00PBP1 /* BatchFramePacer.swift in Sources */ = {isa = PBXBuildFile; fileRef = AB00PBP1 /* BatchFramePacer.swift */; };
		AA000052 /* AppOverrideBar.swift in Sources */ = {isa = PBXBuildFile; fileRef = AB000052 /* AppOverrideBar.swift */; };
		AA000076 /* ButtonBindingControl.swift in Sources */ = {isa = PBXBuildFile; fileRef = AB000076 /* ButtonBindingControl.swift */; };
		AA000077 /* LiveResizeDetector.swift in Sources */ = {isa = PBXBuildFile; fileRef = AB000077 /* LiveResizeDetector.swift */; };
		AA000078 /* ButtonRow.swift in Sources */ = {isa = PBXBuildFile; fileRef = AB000078 /* ButtonRow.swift */; };
		AA000079 /* ButtonMappingQuickKeys.swift in Sources */ = {isa = PBXBuildFile; fileRef = AB000079 /* ButtonMappingQuickKeys.swift */; };
		AA000080 /* ButtonMappingBindings.swift in Sources */ = {isa = PBXBuildFile; fileRef = AB000080 /* ButtonMappingBindings.swift */; };
		AA000053 /* FontExtensions.swift in Sources */ = {isa = PBXBuildFile; fileRef = AB000053 /* FontExtensions.swift */; };
		AA000054 /* PenDiagramView.swift in Sources */ = {isa = PBXBuildFile; fileRef = AB000054 /* PenDiagramView.swift */; };
		AA000055 /* DisclosureRow.swift in Sources */ = {isa = PBXBuildFile; fileRef = AB000055 /* DisclosureRow.swift */; };
		AA000056 /* SettingsControls.swift in Sources */ = {isa = PBXBuildFile; fileRef = AB000056 /* SettingsControls.swift */; };
		AA000070 /* HIDCapture.swift in Sources */ = {isa = PBXBuildFile; fileRef = AB000070 /* HIDCapture.swift */; };
		AA000073 /* OrientationPickerView.swift in Sources */ = {isa = PBXBuildFile; fileRef = AB000073 /* OrientationPickerView.swift */; };
		AA000100 /* Profile.swift in Sources */ = {isa = PBXBuildFile; fileRef = AB000100 /* Profile.swift */; };
		AA000206 /* TabletSettings+Persistence.swift in Sources */ = {isa = PBXBuildFile; fileRef = AB000206 /* TabletSettings+Persistence.swift */; };
		AA000207 /* LEDColorControl.swift in Sources */ = {isa = PBXBuildFile; fileRef = AB000207 /* LEDColorControl.swift */; };
		AA000208 /* TouchRingModeList.swift in Sources */ = {isa = PBXBuildFile; fileRef = AB000208 /* TouchRingModeList.swift */; };
		AA000205 /* TabletSettings+AppOverrides.swift in Sources */ = {isa = PBXBuildFile; fileRef = AB000205 /* TabletSettings+AppOverrides.swift */; };
		AA000204 /* TabletSettings+Presets.swift in Sources */ = {isa = PBXBuildFile; fileRef = AB000204 /* TabletSettings+Presets.swift */; };
		AA000201 /* ButtonBinding.swift in Sources */ = {isa = PBXBuildFile; fileRef = AB000201 /* ButtonBinding.swift */; };
		AA000202 /* ControlSlot.swift in Sources */ = {isa = PBXBuildFile; fileRef = AB000202 /* ControlSlot.swift */; };
		AA000203 /* TabletOrientation.swift in Sources */ = {isa = PBXBuildFile; fileRef = AB000203 /* TabletOrientation.swift */; };
		AA000101 /* CaptureModels.swift in Sources */ = {isa = PBXBuildFile; fileRef = AB000101 /* CaptureModels.swift */; };
		AA0001F2 /* TouchPipelineProbe.swift in Sources */ = {isa = PBXBuildFile; fileRef = AB0001F2 /* TouchPipelineProbe.swift */; };
		AA0001F1 /* DiscoveryAccumulator.swift in Sources */ = {isa = PBXBuildFile; fileRef = AB0001F1 /* DiscoveryAccumulator.swift */; };
		AA000102 /* CaptureEngine.swift in Sources */ = {isa = PBXBuildFile; fileRef = AB000102 /* CaptureEngine.swift */; };
		AA002100 /* BluetoothLinkMonitor.swift in Sources */ = {isa = PBXBuildFile; fileRef = AB002100 /* BluetoothLinkMonitor.swift */; };
		AA000103 /* CaptureGuideView.swift in Sources */ = {isa = PBXBuildFile; fileRef = AB000103 /* CaptureGuideView.swift */; };
		AA000154 /* TouchRingDiagramView.swift in Sources */ = {isa = PBXBuildFile; fileRef = AB000154 /* TouchRingDiagramView.swift */; };
		AA000200 /* NormalizedAreaEditor.swift in Sources */ = {isa = PBXBuildFile; fileRef = AB000200 /* NormalizedAreaEditor.swift */; };
		AA00DK01 /* DeviceInstanceClaims.swift in Sources */ = {isa = PBXBuildFile; fileRef = AB00DK01 /* DeviceInstanceClaims.swift */; };
		AA00DR01 /* DeviceRouter.swift in Sources */ = {isa = PBXBuildFile; fileRef = AB00DR01 /* DeviceRouter.swift */; };
		AA00GD01 /* GenericHIDDigitizer.swift in Sources */ = {isa = PBXBuildFile; fileRef = AB00GD01 /* GenericHIDDigitizer.swift */; };
		AA00HD01 /* LiveHIDDescriptorInspector.swift in Sources */ = {isa = PBXBuildFile; fileRef = AB00HD01 /* LiveHIDDescriptorInspector.swift */; };
		AA00HH01 /* HIDHelpers.swift in Sources */ = {isa = PBXBuildFile; fileRef = AB00HH01 /* HIDHelpers.swift */; };
		AA00IS01 /* InjectionSnapshot.swift in Sources */ = {isa = PBXBuildFile; fileRef = AB00IS01 /* InjectionSnapshot.swift */; };
		AA00TT01 /* TouchStateTracker.swift in Sources */ = {isa = PBXBuildFile; fileRef = AB00TT01 /* TouchStateTracker.swift */; };
		AA00PS01 /* PanScrollTracker.swift in Sources */ = {isa = PBXBuildFile; fileRef = AB00PS01 /* PanScrollTracker.swift */; };
		AA00MT01 /* MomentumTail.swift in Sources */ = {isa = PBXBuildFile; fileRef = AB00MT01 /* MomentumTail.swift */; };
		AA00TV01 /* TouchView.swift in Sources */ = {isa = PBXBuildFile; fileRef = AB00TV01 /* TouchView.swift */; };
		AAAAAA02 /* PresetExporter.swift in Sources */ = {isa = PBXBuildFile; fileRef = AAAAAA01 /* PresetExporter.swift */; };
		AAAAAA04 /* PresetImporter.swift in Sources */ = {isa = PBXBuildFile; fileRef = AAAAAA03 /* PresetImporter.swift */; };
		AAAAAA06 /* ImportPlan.swift in Sources */ = {isa = PBXBuildFile; fileRef = AAAAAA05 /* ImportPlan.swift */; };
		AAAAAA08 /* ExportDragWell.swift in Sources */ = {isa = PBXBuildFile; fileRef = AAAAAA07 /* ExportDragWell.swift */; };
		AAAAAA10 /* ImportPreviewSheet.swift in Sources */ = {isa = PBXBuildFile; fileRef = AAAAAA09 /* ImportPreviewSheet.swift */; };
		AB001001 /* Localizable.xcstrings in Resources */ = {isa = PBXBuildFile; fileRef = AB001000 /* Localizable.xcstrings */; };
		AB002001 /* HelpWindowController.swift in Sources */ = {isa = PBXBuildFile; fileRef = AB002002 /* HelpWindowController.swift */; };
		AB002003 /* HelpSection.swift in Sources */ = {isa = PBXBuildFile; fileRef = AB002004 /* HelpSection.swift */; };
		AB002005 /* HelpPanelView.swift in Sources */ = {isa = PBXBuildFile; fileRef = AB002006 /* HelpPanelView.swift */; };
		AB002007 /* MarkdownBodyView.swift in Sources */ = {isa = PBXBuildFile; fileRef = AB002008 /* MarkdownBodyView.swift */; };
		AB002009 /* HelpContent.swift in Sources */ = {isa = PBXBuildFile; fileRef = AB002010 /* HelpContent.swift */; };
		AB002011 /* en.md in Resources */ = {isa = PBXBuildFile; fileRef = AB002012 /* en.md */; };
		AB002013 /* de.md in Resources */ = {isa = PBXBuildFile; fileRef = AB002014 /* de.md */; };
		AB002015 /* es.md in Resources */ = {isa = PBXBuildFile; fileRef = AB002016 /* es.md */; };
		AB002017 /* ja.md in Resources */ = {isa = PBXBuildFile; fileRef = AB002018 /* ja.md */; };
		AC000009 /* TabletColorTheme.swift in Sources */ = {isa = PBXBuildFile; fileRef = AC000008 /* TabletColorTheme.swift */; };
		B33B693E051F42C481B02431 /* CalibrationSession.swift in Sources */ = {isa = PBXBuildFile; fileRef = 0CA2A9E683E3436B8576AFFF /* CalibrationSession.swift */; };
		E1888DF9E1DD43F0A7D96E82 /* CalibrationData.swift in Sources */ = {isa = PBXBuildFile; fileRef = 22D2FFEB9A0346788DD687D6 /* CalibrationData.swift */; };
/* End PBXBuildFile section */

/* Begin PBXFileReference section */
		053AB9A52F723B910084C0E2 /* TabletManager.swift */ = {isa = PBXFileReference; lastKnownFileType = sourcecode.swift; path = TabletManager.swift; sourceTree = "<group>"; };
		057B24D72F899E3A0032B29E /* Path+SVGData.swift */ = {isa = PBXFileReference; lastKnownFileType = sourcecode.swift; path = "Path+SVGData.swift"; sourceTree = "<group>"; };
		05BFE59B2F79FE5200782B9E /* AboutWindowController.swift */ = {isa = PBXFileReference; lastKnownFileType = sourcecode.swift; path = AboutWindowController.swift; sourceTree = "<group>"; };
		05D7EB7A2F79E6E30086E03F /* AboutView.swift */ = {isa = PBXFileReference; lastKnownFileType = sourcecode.swift; path = AboutView.swift; sourceTree = "<group>"; };
		05FE52CC2F99A5350084E37D /* PrivacyInfo.xcprivacy */ = {isa = PBXFileReference; lastKnownFileType = text.xml; path = PrivacyInfo.xcprivacy; sourceTree = "<group>"; };
		05FE52D02F9E8D730084E37D /* AppIcon.icon */ = {isa = PBXFileReference; lastKnownFileType = folder.iconcomposer.icon; path = AppIcon.icon; sourceTree = "<group>"; };
		0CA2A9E683E3436B8576AFFF /* CalibrationSession.swift */ = {isa = PBXFileReference; lastKnownFileType = sourcecode.swift; path = CalibrationSession.swift; sourceTree = "<group>"; };
		22D2FFEB9A0346788DD687D6 /* CalibrationData.swift */ = {isa = PBXFileReference; lastKnownFileType = sourcecode.swift; path = CalibrationData.swift; sourceTree = "<group>"; };
		AAAAAA01 /* PresetExporter.swift */ = {isa = PBXFileReference; lastKnownFileType = sourcecode.swift; path = PresetExporter.swift; sourceTree = "<group>"; };
		AAAAAA03 /* PresetImporter.swift */ = {isa = PBXFileReference; lastKnownFileType = sourcecode.swift; path = PresetImporter.swift; sourceTree = "<group>"; };
		AAAAAA05 /* ImportPlan.swift */ = {isa = PBXFileReference; lastKnownFileType = sourcecode.swift; path = ImportPlan.swift; sourceTree = "<group>"; };
		AAAAAA07 /* ExportDragWell.swift */ = {isa = PBXFileReference; lastKnownFileType = sourcecode.swift; path = ExportDragWell.swift; sourceTree = "<group>"; };
		AAAAAA09 /* ImportPreviewSheet.swift */ = {isa = PBXFileReference; lastKnownFileType = sourcecode.swift; path = ImportPreviewSheet.swift; sourceTree = "<group>"; };
		AB000001 /* MockTabApp.swift */ = {isa = PBXFileReference; lastKnownFileType = sourcecode.swift; path = MockTabApp.swift; sourceTree = "<group>"; };
		AB000002 /* StatusItemController.swift */ = {isa = PBXFileReference; lastKnownFileType = sourcecode.swift; path = StatusItemController.swift; sourceTree = "<group>"; };
		AB000074 /* MainMenuBuilder.swift */ = {isa = PBXFileReference; lastKnownFileType = sourcecode.swift; path = MainMenuBuilder.swift; sourceTree = "<group>"; };
		AB000008 /* InputInjector.swift */ = {isa = PBXFileReference; lastKnownFileType = sourcecode.swift; path = InputInjector.swift; sourceTree = "<group>"; };
		AB000081 /* InputInjector+PenInjection.swift */ = {isa = PBXFileReference; lastKnownFileType = sourcecode.swift; path = "InputInjector+PenInjection.swift"; sourceTree = "<group>"; };
		AB000082 /* InputInjector+AuxInput.swift */ = {isa = PBXFileReference; lastKnownFileType = sourcecode.swift; path = "InputInjector+AuxInput.swift"; sourceTree = "<group>"; };
		AB000083 /* InputInjector+Touch.swift */ = {isa = PBXFileReference; lastKnownFileType = sourcecode.swift; path = "InputInjector+Touch.swift"; sourceTree = "<group>"; };
		AB000084 /* InputInjector+CGEvents.swift */ = {isa = PBXFileReference; lastKnownFileType = sourcecode.swift; path = "InputInjector+CGEvents.swift"; sourceTree = "<group>"; };
		AB0000DM /* DisplayMapper.swift */ = {isa = PBXFileReference; lastKnownFileType = sourcecode.swift; path = DisplayMapper.swift; sourceTree = "<group>"; };
		AB000009 /* TabletSettings.swift */ = {isa = PBXFileReference; lastKnownFileType = sourcecode.swift; path = TabletSettings.swift; sourceTree = "<group>"; };
		AB000010 /* BezierCurve.swift */ = {isa = PBXFileReference; lastKnownFileType = sourcecode.swift; path = BezierCurve.swift; sourceTree = "<group>"; };
		AB002099 /* UnknownFieldsCodable.swift */ = {isa = PBXFileReference; lastKnownFileType = sourcecode.swift; path = UnknownFieldsCodable.swift; sourceTree = "<group>"; };
		AB000012 /* TabletAreaView.swift */ = {isa = PBXFileReference; lastKnownFileType = sourcecode.swift; path = TabletAreaView.swift; sourceTree = "<group>"; };
		AB000013 /* PenFeelView.swift */ = {isa = PBXFileReference; lastKnownFileType = sourcecode.swift; path = PenFeelView.swift; sourceTree = "<group>"; };
		AB000014 /* ButtonMappingView.swift */ = {isa = PBXFileReference; lastKnownFileType = sourcecode.swift; path = ButtonMappingView.swift; sourceTree = "<group>"; };
		AB000015 /* DisplayMappingView.swift */ = {isa = PBXFileReference; lastKnownFileType = sourcecode.swift; path = DisplayMappingView.swift; sourceTree = "<group>"; };
		AB000016 /* ScratchpadView.swift */ = {isa = PBXFileReference; lastKnownFileType = sourcecode.swift; path = ScratchpadView.swift; sourceTree = "<group>"; };
		AB000017 /* SettingsWindowManager.swift */ = {isa = PBXFileReference; lastKnownFileType = sourcecode.swift; path = SettingsWindowManager.swift; sourceTree = "<group>"; };
		AB000020 /* Info.plist */ = {isa = PBXFileReference; lastKnownFileType = text.plist.xml; path = Info.plist; sourceTree = "<group>"; };
		AB000021 /* MockTab.entitlements */ = {isa = PBXFileReference; lastKnownFileType = text.plist.entitlements; path = MockTab.entitlements; sourceTree = "<group>"; };
		AB000030 /* Assets.xcassets */ = {isa = PBXFileReference; lastKnownFileType = folder.assetcatalog; path = Assets.xcassets; sourceTree = "<group>"; };
		AB000033 /* InfoView.swift */ = {isa = PBXFileReference; lastKnownFileType = sourcecode.swift; path = InfoView.swift; sourceTree = "<group>"; };
		AB0000A0 /* ConflictDetection.swift */ = {isa = PBXFileReference; lastKnownFileType = sourcecode.swift; path = ConflictDetection.swift; sourceTree = "<group>"; };
		AB000034 /* ProfilesView.swift */ = {isa = PBXFileReference; lastKnownFileType = sourcecode.swift; path = ProfilesView.swift; sourceTree = "<group>"; };
		AB000035 /* AppWatcher.swift */ = {isa = PBXFileReference; lastKnownFileType = sourcecode.swift; path = AppWatcher.swift; sourceTree = "<group>"; };
		AB000036 /* AppMenuController.swift */ = {isa = PBXFileReference; lastKnownFileType = sourcecode.swift; path = AppMenuController.swift; sourceTree = "<group>"; };
		AB000039 /* DeviceRegistry.swift */ = {isa = PBXFileReference; lastKnownFileType = sourcecode.swift; path = DeviceRegistry.swift; sourceTree = "<group>"; };
		AB000040 /* DevicesView.swift */ = {isa = PBXFileReference; lastKnownFileType = sourcecode.swift; path = DevicesView.swift; sourceTree = "<group>"; };
		AB000041 /* DeviceStatusBar.swift */ = {isa = PBXFileReference; lastKnownFileType = sourcecode.swift; path = DeviceStatusBar.swift; sourceTree = "<group>"; };
		AB000042 /* DeviceContext.swift */ = {isa = PBXFileReference; lastKnownFileType = sourcecode.swift; path = DeviceContext.swift; sourceTree = "<group>"; };
		AB000043 /* SettingsWindowController.swift */ = {isa = PBXFileReference; lastKnownFileType = sourcecode.swift; path = SettingsWindowController.swift; sourceTree = "<group>"; };
		AB000044 /* ToolSettings.swift */ = {isa = PBXFileReference; lastKnownFileType = sourcecode.swift; path = ToolSettings.swift; sourceTree = "<group>"; };
		AB000045 /* WacomFallbackDevice.swift */ = {isa = PBXFileReference; lastKnownFileType = sourcecode.swift; path = WacomFallbackDevice.swift; sourceTree = "<group>"; };
		AB000049 /* WacomKnownDevice.swift */ = {isa = PBXFileReference; lastKnownFileType = sourcecode.swift; path = WacomKnownDevice.swift; sourceTree = "<group>"; };
		AB0000A2 /* WacomKnownDevice+XencelabsOutput.swift */ = {isa = PBXFileReference; lastKnownFileType = sourcecode.swift; path = "WacomKnownDevice+XencelabsOutput.swift"; sourceTree = "<group>"; };
		AB0000A1 /* WacomKnownDevice+DisplayOutput.swift */ = {isa = PBXFileReference; lastKnownFileType = sourcecode.swift; path = "WacomKnownDevice+DisplayOutput.swift"; sourceTree = "<group>"; };
		AB00PBP1 /* BatchFramePacer.swift */ = {isa = PBXFileReference; lastKnownFileType = sourcecode.swift; path = BatchFramePacer.swift; sourceTree = "<group>"; };
		AB000052 /* AppOverrideBar.swift */ = {isa = PBXFileReference; lastKnownFileType = sourcecode.swift; path = AppOverrideBar.swift; sourceTree = "<group>"; };
		AB000076 /* ButtonBindingControl.swift */ = {isa = PBXFileReference; lastKnownFileType = sourcecode.swift; path = ButtonBindingControl.swift; sourceTree = "<group>"; };
		AB000077 /* LiveResizeDetector.swift */ = {isa = PBXFileReference; lastKnownFileType = sourcecode.swift; path = LiveResizeDetector.swift; sourceTree = "<group>"; };
		AB000078 /* ButtonRow.swift */ = {isa = PBXFileReference; lastKnownFileType = sourcecode.swift; path = ButtonRow.swift; sourceTree = "<group>"; };
		AB000079 /* ButtonMappingQuickKeys.swift */ = {isa = PBXFileReference; lastKnownFileType = sourcecode.swift; path = ButtonMappingQuickKeys.swift; sourceTree = "<group>"; };
		AB000080 /* ButtonMappingBindings.swift */ = {isa = PBXFileReference; lastKnownFileType = sourcecode.swift; path = ButtonMappingBindings.swift; sourceTree = "<group>"; };
		AB000053 /* FontExtensions.swift */ = {isa = PBXFileReference; lastKnownFileType = sourcecode.swift; path = FontExtensions.swift; sourceTree = "<group>"; };
		AB000054 /* PenDiagramView.swift */ = {isa = PBXFileReference; lastKnownFileType = sourcecode.swift; path = PenDiagramView.swift; sourceTree = "<group>"; };
		AB000055 /* DisclosureRow.swift */ = {isa = PBXFileReference; lastKnownFileType = sourcecode.swift; path = DisclosureRow.swift; sourceTree = "<group>"; };
		AB000056 /* SettingsControls.swift */ = {isa = PBXFileReference; lastKnownFileType = sourcecode.swift; path = SettingsControls.swift; sourceTree = "<group>"; };
		AB000070 /* HIDCapture.swift */ = {isa = PBXFileReference; lastKnownFileType = sourcecode.swift; path = HIDCapture.swift; sourceTree = "<group>"; };
		AB000073 /* OrientationPickerView.swift */ = {isa = PBXFileReference; lastKnownFileType = sourcecode.swift; path = OrientationPickerView.swift; sourceTree = "<group>"; };
		AB000099 /* MockTab.app */ = {isa = PBXFileReference; explicitFileType = wrapper.application; includeInIndex = 0; path = MockTab.app; sourceTree = BUILT_PRODUCTS_DIR; };
		AB000100 /* Profile.swift */ = {isa = PBXFileReference; lastKnownFileType = sourcecode.swift; path = Profile.swift; sourceTree = "<group>"; };
		AB000206 /* TabletSettings+Persistence.swift */ = {isa = PBXFileReference; lastKnownFileType = sourcecode.swift; path = "TabletSettings+Persistence.swift"; sourceTree = "<group>"; };
		AB000207 /* LEDColorControl.swift */ = {isa = PBXFileReference; lastKnownFileType = sourcecode.swift; path = LEDColorControl.swift; sourceTree = "<group>"; };
		AB000208 /* TouchRingModeList.swift */ = {isa = PBXFileReference; lastKnownFileType = sourcecode.swift; path = TouchRingModeList.swift; sourceTree = "<group>"; };
		AB000205 /* TabletSettings+AppOverrides.swift */ = {isa = PBXFileReference; lastKnownFileType = sourcecode.swift; path = "TabletSettings+AppOverrides.swift"; sourceTree = "<group>"; };
		AB000204 /* TabletSettings+Presets.swift */ = {isa = PBXFileReference; lastKnownFileType = sourcecode.swift; path = "TabletSettings+Presets.swift"; sourceTree = "<group>"; };
		AB000201 /* ButtonBinding.swift */ = {isa = PBXFileReference; lastKnownFileType = sourcecode.swift; path = ButtonBinding.swift; sourceTree = "<group>"; };
		AB000202 /* ControlSlot.swift */ = {isa = PBXFileReference; lastKnownFileType = sourcecode.swift; path = ControlSlot.swift; sourceTree = "<group>"; };
		AB000203 /* TabletOrientation.swift */ = {isa = PBXFileReference; lastKnownFileType = sourcecode.swift; path = TabletOrientation.swift; sourceTree = "<group>"; };
		AB000101 /* CaptureModels.swift */ = {isa = PBXFileReference; lastKnownFileType = sourcecode.swift; path = CaptureModels.swift; sourceTree = "<group>"; };
		AB0001F2 /* TouchPipelineProbe.swift */ = {isa = PBXFileReference; lastKnownFileType = sourcecode.swift; path = TouchPipelineProbe.swift; sourceTree = "<group>"; };
		AB0001F1 /* DiscoveryAccumulator.swift */ = {isa = PBXFileReference; lastKnownFileType = sourcecode.swift; path = DiscoveryAccumulator.swift; sourceTree = "<group>"; };
		AB000102 /* CaptureEngine.swift */ = {isa = PBXFileReference; lastKnownFileType = sourcecode.swift; path = CaptureEngine.swift; sourceTree = "<group>"; };
		AB002100 /* BluetoothLinkMonitor.swift */ = {isa = PBXFileReference; lastKnownFileType = sourcecode.swift; path = BluetoothLinkMonitor.swift; sourceTree = "<group>"; };
		AB000103 /* CaptureGuideView.swift */ = {isa = PBXFileReference; lastKnownFileType = sourcecode.swift; path = CaptureGuideView.swift; sourceTree = "<group>"; };
		AB000154 /* TouchRingDiagramView.swift */ = {isa = PBXFileReference; lastKnownFileType = sourcecode.swift; path = TouchRingDiagramView.swift; sourceTree = "<group>"; };
		AB000200 /* NormalizedAreaEditor.swift */ = {isa = PBXFileReference; lastKnownFileType = sourcecode.swift; path = NormalizedAreaEditor.swift; sourceTree = "<group>"; };
		AB001000 /* Localizable.xcstrings */ = {isa = PBXFileReference; lastKnownFileType = text.json.xcstrings; path = Localizable.xcstrings; sourceTree = "<group>"; };
		AB002002 /* HelpWindowController.swift */ = {isa = PBXFileReference; lastKnownFileType = sourcecode.swift; path = HelpWindowController.swift; sourceTree = "<group>"; };
		AB002004 /* HelpSection.swift */ = {isa = PBXFileReference; lastKnownFileType = sourcecode.swift; path = HelpSection.swift; sourceTree = "<group>"; };
		AB002006 /* HelpPanelView.swift */ = {isa = PBXFileReference; lastKnownFileType = sourcecode.swift; path = HelpPanelView.swift; sourceTree = "<group>"; };
		AB002008 /* MarkdownBodyView.swift */ = {isa = PBXFileReference; lastKnownFileType = sourcecode.swift; path = MarkdownBodyView.swift; sourceTree = "<group>"; };
		AB002010 /* HelpContent.swift */ = {isa = PBXFileReference; lastKnownFileType = sourcecode.swift; path = HelpContent.swift; sourceTree = "<group>"; };
		AB002012 /* en.md */ = {isa = PBXFileReference; lastKnownFileType = net.daringfireball.markdown; path = en.md; sourceTree = "<group>"; };
		AB002014 /* de.md */ = {isa = PBXFileReference; lastKnownFileType = net.daringfireball.markdown; path = de.md; sourceTree = "<group>"; };
		AB002016 /* es.md */ = {isa = PBXFileReference; lastKnownFileType = net.daringfireball.markdown; path = es.md; sourceTree = "<group>"; };
		AB002018 /* ja.md */ = {isa = PBXFileReference; lastKnownFileType = net.daringfireball.markdown; path = ja.md; sourceTree = "<group>"; };
		AB00DK01 /* DeviceInstanceClaims.swift */ = {isa = PBXFileReference; lastKnownFileType = sourcecode.swift; path = DeviceInstanceClaims.swift; sourceTree = "<group>"; };
		AB00DR01 /* DeviceRouter.swift */ = {isa = PBXFileReference; lastKnownFileType = sourcecode.swift; path = DeviceRouter.swift; sourceTree = "<group>"; };
		AB00GD01 /* GenericHIDDigitizer.swift */ = {isa = PBXFileReference; lastKnownFileType = sourcecode.swift; path = GenericHIDDigitizer.swift; sourceTree = "<group>"; };
		AB00HD01 /* LiveHIDDescriptorInspector.swift */ = {isa = PBXFileReference; lastKnownFileType = sourcecode.swift; path = LiveHIDDescriptorInspector.swift; sourceTree = "<group>"; };
		AB00HH01 /* HIDHelpers.swift */ = {isa = PBXFileReference; lastKnownFileType = sourcecode.swift; path = HIDHelpers.swift; sourceTree = "<group>"; };
		AB00IS01 /* InjectionSnapshot.swift */ = {isa = PBXFileReference; lastKnownFileType = sourcecode.swift; path = InjectionSnapshot.swift; sourceTree = "<group>"; };
		AB00TT01 /* TouchStateTracker.swift */ = {isa = PBXFileReference; lastKnownFileType = sourcecode.swift; path = TouchStateTracker.swift; sourceTree = "<group>"; };
		AB00PS01 /* PanScrollTracker.swift */ = {isa = PBXFileReference; lastKnownFileType = sourcecode.swift; path = PanScrollTracker.swift; sourceTree = "<group>"; };
		AB00MT01 /* MomentumTail.swift */ = {isa = PBXFileReference; lastKnownFileType = sourcecode.swift; path = MomentumTail.swift; sourceTree = "<group>"; };
		AB00TV01 /* TouchView.swift */ = {isa = PBXFileReference; lastKnownFileType = sourcecode.swift; path = TouchView.swift; sourceTree = "<group>"; };
		AC000008 /* TabletColorTheme.swift */ = {isa = PBXFileReference; lastKnownFileType = sourcecode.swift; path = TabletColorTheme.swift; sourceTree = "<group>"; };
		BDC20CF025504F52A66B1155 /* CalibrationOverlayView.swift */ = {isa = PBXFileReference; lastKnownFileType = sourcecode.swift; path = CalibrationOverlayView.swift; sourceTree = "<group>"; };
		F3D0D50313CE4401A9B8AC2A /* CalibrationOverlayWindow.swift */ = {isa = PBXFileReference; lastKnownFileType = sourcecode.swift; path = CalibrationOverlayWindow.swift; sourceTree = "<group>"; };
/* End PBXFileReference section */

/* Begin PBXFrameworksBuildPhase section */
		AD000011 /* Frameworks */ = {
			isa = PBXFrameworksBuildPhase;
			buildActionMask = 2147483647;
			files = (
				05A04B822FCA009F00D64F90 /* TabletKit in Frameworks */,
			);
			runOnlyForDeploymentPostprocessing = 0;
		};
/* End PBXFrameworksBuildPhase section */

/* Begin PBXGroup section */
		47A5AA2037FC42E2BFC54602 /* Calibration */ = {
			isa = PBXGroup;
			children = (
				0CA2A9E683E3436B8576AFFF /* CalibrationSession.swift */,
				F3D0D50313CE4401A9B8AC2A /* CalibrationOverlayWindow.swift */,
				BDC20CF025504F52A66B1155 /* CalibrationOverlayView.swift */,
			);
			path = Calibration;
			sourceTree = "<group>";
		};
		AC000000 /* MockTab */ = {
			isa = PBXGroup;
			children = (
				AC000001 /* App */,
				AC000002 /* Driver */,
				AC000003 /* Settings */,
				AC000004 /* UI */,
				AC000012 /* Help */,
				AB000030 /* Assets.xcassets */,
				AB001000 /* Localizable.xcstrings */,
				AB000020 /* Info.plist */,
				AB000021 /* MockTab.entitlements */,
				05FE52CC2F99A5350084E37D /* PrivacyInfo.xcprivacy */,
			);
			path = MockTab;
			sourceTree = "<group>";
		};
		AC000001 /* App */ = {
			isa = PBXGroup;
			children = (
				AB000001 /* MockTabApp.swift */,
				AB000002 /* StatusItemController.swift */,
				AB000074 /* MainMenuBuilder.swift */,
				AB000017 /* SettingsWindowManager.swift */,
				AB000043 /* SettingsWindowController.swift */,
				AB000036 /* AppMenuController.swift */,
				05BFE59B2F79FE5200782B9E /* AboutWindowController.swift */,
				AB002002 /* HelpWindowController.swift */,
			);
			path = App;
			sourceTree = "<group>";
		};
		AC000002 /* Driver */ = {
			isa = PBXGroup;
			children = (
				AC0000B1 /* HID */,
				AC0000B2 /* Devices */,
				AC0000B3 /* Injection */,
				AC0000B4 /* Mapping */,
				AC0000B5 /* Discovery */,
			);
			path = Driver;
			sourceTree = "<group>";
		};
		AC0000B1 /* HID */ = {
			isa = PBXGroup;
			children = (
				AB000070 /* HIDCapture.swift */,
				AB00HH01 /* HIDHelpers.swift */,
				AB00HD01 /* LiveHIDDescriptorInspector.swift */,
			);
			path = HID;
			sourceTree = "<group>";
		};
		AC0000B2 /* Devices */ = {
			isa = PBXGroup;
			children = (
				053AB9A52F723B910084C0E2 /* TabletManager.swift */,
				AB00DR01 /* DeviceRouter.swift */,
				AB000042 /* DeviceContext.swift */,
				AB000039 /* DeviceRegistry.swift */,
				AB00DK01 /* DeviceInstanceClaims.swift */,
				AB000049 /* WacomKnownDevice.swift */,
				AB0000A2 /* WacomKnownDevice+XencelabsOutput.swift */,
				AB0000A1 /* WacomKnownDevice+DisplayOutput.swift */,
				AB00PBP1 /* BatchFramePacer.swift */,
				AB000045 /* WacomFallbackDevice.swift */,
				AB00GD01 /* GenericHIDDigitizer.swift */,
			);
			path = Devices;
			sourceTree = "<group>";
		};
		AC0000B3 /* Injection */ = {
			isa = PBXGroup;
			children = (
				AB000008 /* InputInjector.swift */,
				AB000084 /* InputInjector+CGEvents.swift */,
				AB000081 /* InputInjector+PenInjection.swift */,
				AB000082 /* InputInjector+AuxInput.swift */,
				AB000083 /* InputInjector+Touch.swift */,
				AB00IS01 /* InjectionSnapshot.swift */,
				AB00PS01 /* PanScrollTracker.swift */,
				AB00MT01 /* MomentumTail.swift */,
				AB00TT01 /* TouchStateTracker.swift */,
			);
			path = Injection;
			sourceTree = "<group>";
		};
		AC0000B4 /* Mapping */ = {
			isa = PBXGroup;
			children = (
				AB0000DM /* DisplayMapper.swift */,
				AB000035 /* AppWatcher.swift */,
			);
			path = Mapping;
			sourceTree = "<group>";
		};
		AC0000B5 /* Discovery */ = {
			isa = PBXGroup;
			children = (
				AB000102 /* CaptureEngine.swift */,
				AB002100 /* BluetoothLinkMonitor.swift */,
				AB000101 /* CaptureModels.swift */,
				AB0001F1 /* DiscoveryAccumulator.swift */,
				AB0001F2 /* TouchPipelineProbe.swift */,
			);
			path = Discovery;
			sourceTree = "<group>";
		};
		AC000003 /* Settings */ = {
			isa = PBXGroup;
			children = (
				AB000009 /* TabletSettings.swift */,
				AB000206 /* TabletSettings+Persistence.swift */,
				AB000205 /* TabletSettings+AppOverrides.swift */,
				AB000204 /* TabletSettings+Presets.swift */,
				AC0000D1 /* Model */,
				AC0000D2 /* Serialization */,
			);
			path = Settings;
			sourceTree = "<group>";
		};
		AC0000D1 /* Model */ = {
			isa = PBXGroup;
			children = (
				AB000201 /* ButtonBinding.swift */,
				AB000202 /* ControlSlot.swift */,
				AB000203 /* TabletOrientation.swift */,
				AB000010 /* BezierCurve.swift */,
				AB000044 /* ToolSettings.swift */,
				22D2FFEB9A0346788DD687D6 /* CalibrationData.swift */,
			);
			path = Model;
			sourceTree = "<group>";
		};
		AC0000D2 /* Serialization */ = {
			isa = PBXGroup;
			children = (
				AB000100 /* Profile.swift */,
				AAAAAA05 /* ImportPlan.swift */,
				AB002099 /* UnknownFieldsCodable.swift */,
				AAAAAA01 /* PresetExporter.swift */,
				AAAAAA03 /* PresetImporter.swift */,
			);
			path = Serialization;
			sourceTree = "<group>";
		};
		AC000004 /* UI */ = {
			isa = PBXGroup;
			children = (
				47A5AA2037FC42E2BFC54602 /* Calibration */,
				AC000006 /* Panes */,
				AC000007 /* Components */,
				AC0000C1 /* Support */,
				AC000011 /* Help */,
			);
			path = UI;
			sourceTree = "<group>";
		};
		AC0000C1 /* Support */ = {
			isa = PBXGroup;
			children = (
				AB0000A0 /* ConflictDetection.swift */,
				AC000008 /* TabletColorTheme.swift */,
				AB000053 /* FontExtensions.swift */,
				057B24D72F899E3A0032B29E /* Path+SVGData.swift */,
				AB000077 /* LiveResizeDetector.swift */,
			);
			path = Support;
			sourceTree = "<group>";
		};
		AC000006 /* Panes */ = {
			isa = PBXGroup;
			children = (
				AB000012 /* TabletAreaView.swift */,
				AB000013 /* PenFeelView.swift */,
				AB000014 /* ButtonMappingView.swift */,
				AB000079 /* ButtonMappingQuickKeys.swift */,
				AB000080 /* ButtonMappingBindings.swift */,
				AB000015 /* DisplayMappingView.swift */,
				AB000016 /* ScratchpadView.swift */,
				AB000033 /* InfoView.swift */,
				AB000034 /* ProfilesView.swift */,
				AB000040 /* DevicesView.swift */,
				AB00TV01 /* TouchView.swift */,
			);
			path = Panes;
			sourceTree = "<group>";
		};
		AC000007 /* Components */ = {
			isa = PBXGroup;
			children = (
				AB000207 /* LEDColorControl.swift */,
				AB000076 /* ButtonBindingControl.swift */,
				AB000078 /* ButtonRow.swift */,
				AB000055 /* DisclosureRow.swift */,
				AB000056 /* SettingsControls.swift */,
				AB000041 /* DeviceStatusBar.swift */,
				AAAAAA07 /* ExportDragWell.swift */,
				AB000073 /* OrientationPickerView.swift */,
				AB000200 /* NormalizedAreaEditor.swift */,
				AC0000E1 /* Diagrams */,
				AC0000E2 /* Features */,
			);
			path = Components;
			sourceTree = "<group>";
		};
		AC0000E1 /* Diagrams */ = {
			isa = PBXGroup;
			children = (
				AB000054 /* PenDiagramView.swift */,
				AB000154 /* TouchRingDiagramView.swift */,
				AB000208 /* TouchRingModeList.swift */,
			);
			path = Diagrams;
			sourceTree = "<group>";
		};
		AC0000E2 /* Features */ = {
			isa = PBXGroup;
			children = (
				AB000052 /* AppOverrideBar.swift */,
				AB000103 /* CaptureGuideView.swift */,
				AAAAAA09 /* ImportPreviewSheet.swift */,
				05D7EB7A2F79E6E30086E03F /* AboutView.swift */,
			);
			path = Features;
			sourceTree = "<group>";
		};
		AC000010 /* Products */ = {
			isa = PBXGroup;
			children = (
				AB000099 /* MockTab.app */,
			);
			name = Products;
			sourceTree = "<group>";
		};
		AC000011 /* Help */ = {
			isa = PBXGroup;
			children = (
				AB002004 /* HelpSection.swift */,
				AB002010 /* HelpContent.swift */,
				AB002006 /* HelpPanelView.swift */,
				AB002008 /* MarkdownBodyView.swift */,
			);
			path = Help;
			sourceTree = "<group>";
		};
		AC000012 /* Help */ = {
			isa = PBXGroup;
			children = (
				AB002012 /* en.md */,
				AB002014 /* de.md */,
				AB002016 /* es.md */,
				AB002018 /* ja.md */,
			);
			path = Help;
			sourceTree = "<group>";
		};
		AC000099 = {
			isa = PBXGroup;
			children = (
				AC000000 /* MockTab */,
				AC000010 /* Products */,
				05FE52D02F9E8D730084E37D /* AppIcon.icon */,
			);
			sourceTree = "<group>";
		};
/* End PBXGroup section */

/* Begin PBXNativeTarget section */
		AD000001 /* MockTab */ = {
			isa = PBXNativeTarget;
			buildConfigurationList = AE000010 /* Build configuration list for PBXNativeTarget "MockTab" */;
			buildPhases = (
				AD000099 /* Stamp Build Date */,
				AD000010 /* Sources */,
				AD000011 /* Frameworks */,
				AD000012 /* Resources */,
			);
			buildRules = (
			);
			dependencies = (
			);
			name = MockTab;
			productName = MockTab;
			productReference = AB000099 /* MockTab.app */;
			productType = "com.apple.product-type.application";
		};
/* End PBXNativeTarget section */

/* Begin PBXProject section */
		AF000001 /* Project object */ = {
			isa = PBXProject;
			attributes = {
				BuildIndependentTargetsInParallel = 1;
				LastSwiftUpdateCheck = 1500;
				LastUpgradeCheck = 1500;
				TargetAttributes = {
					AD000001 = {
						CreatedOnToolsVersion = 15.0;
					};
				};
			};
			buildConfigurationList = AE000001 /* Build configuration list for PBXProject "MockTab" */;
			compatibilityVersion = "Xcode 14.0";
			developmentRegion = en;
			hasScannedForEncodings = 0;
			knownRegions = (
				en,
				Base,
				de,
				es,
				ja,
			);
			mainGroup = AC000099;
			packageReferences = (
				05A04B802FCA009F00D64F90 /* XCLocalSwiftPackageReference "TabletKit" */,
			);
			productRefGroup = AC000010 /* Products */;
			projectDirPath = "";
			projectRoot = "";
			targets = (
				AD000001 /* MockTab */,
			);
		};
/* End PBXProject section */

/* Begin PBXResourcesBuildPhase section */
		AD000012 /* Resources */ = {
			isa = PBXResourcesBuildPhase;
			buildActionMask = 2147483647;
			files = (
				05FE52CD2F99A5350084E37D /* PrivacyInfo.xcprivacy in Resources */,
				AA000030 /* Assets.xcassets in Resources */,
				AB001001 /* Localizable.xcstrings in Resources */,
				05FE52D12F9E8D730084E37D /* AppIcon.icon in Resources */,
				AB002011 /* en.md in Resources */,
				AB002013 /* de.md in Resources */,
				AB002015 /* es.md in Resources */,
				AB002017 /* ja.md in Resources */,
			);
			runOnlyForDeploymentPostprocessing = 0;
		};
/* End PBXResourcesBuildPhase section */

/* Begin PBXShellScriptBuildPhase section */
		AD000099 /* Stamp Build Date */ = {
			isa = PBXShellScriptBuildPhase;
			alwaysOutOfDate = 1;
			buildActionMask = 2147483647;
			files = (
			);
			inputFileListPaths = (
			);
			inputPaths = (
				"$(SRCROOT)/MockTab/Info.plist",
			);
			name = "Stamp Build Date";
			outputFileListPaths = (
			);
			outputPaths = (
				"$(DERIVED_FILE_DIR)/Info.plist",
			);
			runOnlyForDeploymentPostprocessing = 0;
			shellPath = /bin/sh;
			shellScript = "mkdir -p \"${DERIVED_FILE_DIR}\"\nplist=\"${DERIVED_FILE_DIR}/Info.plist\"\ncp \"${SRCROOT}/MockTab/Info.plist\" \"$plist\"\n/usr/libexec/PlistBuddy -c \"Add :MockTabBuildDate string $(date '+%Y-%m-%d %H:%M')\" \"$plist\"\n";
		};
/* End PBXShellScriptBuildPhase section */

/* Begin PBXSourcesBuildPhase section */
		AD000010 /* Sources */ = {
			isa = PBXSourcesBuildPhase;
			buildActionMask = 2147483647;
			files = (
				E1888DF9E1DD43F0A7D96E82 /* CalibrationData.swift in Sources */,
				B33B693E051F42C481B02431 /* CalibrationSession.swift in Sources */,
				4BD0B8E0541D4BBB82F9A3BB /* CalibrationOverlayWindow.swift in Sources */,
				A62404859BAF4F58B6F4409D /* CalibrationOverlayView.swift in Sources */,
				AA000001 /* MockTabApp.swift in Sources */,
				AA000002 /* StatusItemController.swift in Sources */,
				AA000074 /* MainMenuBuilder.swift in Sources */,
				AA000017 /* SettingsWindowManager.swift in Sources */,
				AA000043 /* SettingsWindowController.swift in Sources */,
				AA000036 /* AppMenuController.swift in Sources */,
				057B24D82F899E3A0032B29E /* Path+SVGData.swift in Sources */,
				05D7EB7B2F79E6E30086E03F /* AboutView.swift in Sources */,
				AA000045 /* WacomFallbackDevice.swift in Sources */,
				AA00DR01 /* DeviceRouter.swift in Sources */,
				AA00DK01 /* DeviceInstanceClaims.swift in Sources */,
				AA00GD01 /* GenericHIDDigitizer.swift in Sources */,
				AA000070 /* HIDCapture.swift in Sources */,
				AA000101 /* CaptureModels.swift in Sources */,
				AA0001F2 /* TouchPipelineProbe.swift in Sources */,
				AA000102 /* CaptureEngine.swift in Sources */,
				AA002100 /* BluetoothLinkMonitor.swift in Sources */,
				AA0001F1 /* DiscoveryAccumulator.swift in Sources */,
				AA00HD01 /* LiveHIDDescriptorInspector.swift in Sources */,
				AA00HH01 /* HIDHelpers.swift in Sources */,
				AA00TT01 /* TouchStateTracker.swift in Sources */,
				AA00PS01 /* PanScrollTracker.swift in Sources */,
				AA00MT01 /* MomentumTail.swift in Sources */,
				AA00TV01 /* TouchView.swift in Sources */,
				AA000049 /* WacomKnownDevice.swift in Sources */,
				AA0000A2 /* WacomKnownDevice+XencelabsOutput.swift in Sources */,
				AA0000A1 /* WacomKnownDevice+DisplayOutput.swift in Sources */,
				AA00PBP1 /* BatchFramePacer.swift in Sources */,
				AA000039 /* DeviceRegistry.swift in Sources */,
				053AB9A62F723B910084C0E2 /* TabletManager.swift in Sources */,
				AA000042 /* DeviceContext.swift in Sources */,
				AA000035 /* AppWatcher.swift in Sources */,
				05BFE59C2F79FE5200782B9E /* AboutWindowController.swift in Sources */,
				AA000008 /* InputInjector.swift in Sources */,
				AA000081 /* InputInjector+PenInjection.swift in Sources */,
				AA000082 /* InputInjector+AuxInput.swift in Sources */,
				AA000083 /* InputInjector+Touch.swift in Sources */,
				AA000084 /* InputInjector+CGEvents.swift in Sources */,
				AA0000DM /* DisplayMapper.swift in Sources */,
				AA00IS01 /* InjectionSnapshot.swift in Sources */,
				AA000009 /* TabletSettings.swift in Sources */,
				AA000044 /* ToolSettings.swift in Sources */,
				AA000010 /* BezierCurve.swift in Sources */,
				AA002099 /* UnknownFieldsCodable.swift in Sources */,
				AA000100 /* Profile.swift in Sources */,
				AA000206 /* TabletSettings+Persistence.swift in Sources */,
				AA000207 /* LEDColorControl.swift in Sources */,
				AA000208 /* TouchRingModeList.swift in Sources */,
				AA000205 /* TabletSettings+AppOverrides.swift in Sources */,
				AA000204 /* TabletSettings+Presets.swift in Sources */,
				AA000201 /* ButtonBinding.swift in Sources */,
				AA000202 /* ControlSlot.swift in Sources */,
				AA000203 /* TabletOrientation.swift in Sources */,
				AA000012 /* TabletAreaView.swift in Sources */,
				AA000073 /* OrientationPickerView.swift in Sources */,
				AA000200 /* NormalizedAreaEditor.swift in Sources */,
				AA000103 /* CaptureGuideView.swift in Sources */,
				AA000013 /* PenFeelView.swift in Sources */,
				AA000014 /* ButtonMappingView.swift in Sources */,
				AA000015 /* DisplayMappingView.swift in Sources */,
				AA000016 /* ScratchpadView.swift in Sources */,
				AA000033 /* InfoView.swift in Sources */,
				AA0000A0 /* ConflictDetection.swift in Sources */,
				AA000034 /* ProfilesView.swift in Sources */,
				AA000052 /* AppOverrideBar.swift in Sources */,
				AA000076 /* ButtonBindingControl.swift in Sources */,
				AA000077 /* LiveResizeDetector.swift in Sources */,
				AA000078 /* ButtonRow.swift in Sources */,
				AA000079 /* ButtonMappingQuickKeys.swift in Sources */,
				AA000080 /* ButtonMappingBindings.swift in Sources */,
				AA000054 /* PenDiagramView.swift in Sources */,
				AA000154 /* TouchRingDiagramView.swift in Sources */,
				AA000053 /* FontExtensions.swift in Sources */,
				AA000055 /* DisclosureRow.swift in Sources */,
				AA000056 /* SettingsControls.swift in Sources */,
				AA000040 /* DevicesView.swift in Sources */,
				AA000041 /* DeviceStatusBar.swift in Sources */,
				AAAAAA02 /* PresetExporter.swift in Sources */,
				AAAAAA04 /* PresetImporter.swift in Sources */,
				AAAAAA06 /* ImportPlan.swift in Sources */,
				AAAAAA08 /* ExportDragWell.swift in Sources */,
				AAAAAA10 /* ImportPreviewSheet.swift in Sources */,
				AC000009 /* TabletColorTheme.swift in Sources */,
				AB002001 /* HelpWindowController.swift in Sources */,
				AB002003 /* HelpSection.swift in Sources */,
				AB002005 /* HelpPanelView.swift in Sources */,
				AB002007 /* MarkdownBodyView.swift in Sources */,
				AB002009 /* HelpContent.swift in Sources */,
			);
			runOnlyForDeploymentPostprocessing = 0;
		};
/* End PBXSourcesBuildPhase section */

/* Begin XCBuildConfiguration section */
		AE000002 /* Debug */ = {
			isa = XCBuildConfiguration;
			buildSettings = {
				ALWAYS_SEARCH_USER_PATHS = NO;
				CLANG_ANALYZER_NONNULL = YES;
				CLANG_ANALYZER_NUMBER_OBJECT_CONVERSION = YES_AGGRESSIVE;
				CLANG_CXX_LANGUAGE_STANDARD = "gnu++20";
				CLANG_ENABLE_MODULES = YES;
				CLANG_ENABLE_OBJC_ARC = YES;
				CLANG_ENABLE_OBJC_WEAK = YES;
				CLANG_WARN_BLOCK_CAPTURE_AUTORELEASING = YES;
				CLANG_WARN_BOOL_CONVERSION = YES;
				CLANG_WARN_COMMA = YES;
				CLANG_WARN_CONSTANT_CONVERSION = YES;
				CLANG_WARN_DEPRECATED_OBJC_IMPLEMENTATIONS = YES;
				CLANG_WARN_DIRECT_OBJC_ISA_USAGE = YES_ERROR;
				CLANG_WARN_DOCUMENTATION_COMMENTS = YES;
				CLANG_WARN_EMPTY_BODY = YES;
				CLANG_WARN_ENUM_CONVERSION = YES;
				CLANG_WARN_INFINITE_RECURSION = YES;
				CLANG_WARN_INT_CONVERSION = YES;
				CLANG_WARN_NON_LITERAL_NULL_CONVERSION = YES;
				CLANG_WARN_OBJC_IMPLICIT_RETAIN_CYCLE = YES;
				CLANG_WARN_OBJC_LITERAL_CONVERSION = YES;
				CLANG_WARN_OBJC_ROOT_CLASS = YES_ERROR;
				CLANG_WARN_QUOTED_INCLUDE_IN_FRAMEWORK_HEADER = YES;
				CLANG_WARN_RANGE_LOOP_ANALYSIS = YES;
				CLANG_WARN_STRICT_PROTOTYPES = YES;
				CLANG_WARN_SUSPICIOUS_MOVE = YES;
				CLANG_WARN_UNGUARDED_AVAILABILITY = YES_AGGRESSIVE;
				CLANG_WARN_UNREACHABLE_CODE = YES;
				CLANG_WARN__DUPLICATE_METHOD_MATCH = YES;
				COPY_PHASE_STRIP = NO;
				DEBUG_INFORMATION_FORMAT = dwarf;
				ENABLE_STRICT_OBJC_MSGSEND = YES;
				ENABLE_TESTABILITY = YES;
				GCC_C_LANGUAGE_STANDARD = gnu17;
				GCC_DYNAMIC_NO_PIC = NO;
				GCC_NO_COMMON_BLOCKS = YES;
				GCC_OPTIMIZATION_LEVEL = 0;
				GCC_PREPROCESSOR_DEFINITIONS = (
					"DEBUG=1",
					"$(inherited)",
				);
				GCC_WARN_64_TO_32_BIT_CONVERSION = YES;
				GCC_WARN_ABOUT_RETURN_TYPE = YES_ERROR;
				GCC_WARN_UNDECLARED_SELECTOR = YES;
				GCC_WARN_UNINITIALIZED_AUTOS = YES_AGGRESSIVE;
				GCC_WARN_UNUSED_FUNCTION = YES;
				GCC_WARN_UNUSED_VARIABLE = YES;
				MACOSX_DEPLOYMENT_TARGET = 13.0;
				MTL_ENABLE_DEBUG_INFO = INCLUDE_SOURCE;
				MTL_FAST_MATH = YES;
				ONLY_ACTIVE_ARCH = YES;
				SDKROOT = macosx;
				SWIFT_ACTIVE_COMPILATION_CONDITIONS = DEBUG;
				SWIFT_OPTIMIZATION_LEVEL = "-Onone";
			};
			name = Debug;
		};
		AE000003 /* Release */ = {
			isa = XCBuildConfiguration;
			buildSettings = {
				ALWAYS_SEARCH_USER_PATHS = NO;
				CLANG_ANALYZER_NONNULL = YES;
				CLANG_ANALYZER_NUMBER_OBJECT_CONVERSION = YES_AGGRESSIVE;
				CLANG_CXX_LANGUAGE_STANDARD = "gnu++20";
				CLANG_ENABLE_MODULES = YES;
				CLANG_ENABLE_OBJC_ARC = YES;
				CLANG_ENABLE_OBJC_WEAK = YES;
				CLANG_WARN_BLOCK_CAPTURE_AUTORELEASING = YES;
				CLANG_WARN_BOOL_CONVERSION = YES;
				CLANG_WARN_COMMA = YES;
				CLANG_WARN_CONSTANT_CONVERSION = YES;
				CLANG_WARN_DEPRECATED_OBJC_IMPLEMENTATIONS = YES;
				CLANG_WARN_DIRECT_OBJC_ISA_USAGE = YES_ERROR;
				CLANG_WARN_DOCUMENTATION_COMMENTS = YES;
				CLANG_WARN_EMPTY_BODY = YES;
				CLANG_WARN_ENUM_CONVERSION = YES;
				CLANG_WARN_INFINITE_RECURSION = YES;
				CLANG_WARN_INT_CONVERSION = YES;
				CLANG_WARN_NON_LITERAL_NULL_CONVERSION = YES;
				CLANG_WARN_OBJC_IMPLICIT_RETAIN_CYCLE = YES;
				CLANG_WARN_OBJC_LITERAL_CONVERSION = YES;
				CLANG_WARN_OBJC_ROOT_CLASS = YES_ERROR;
				CLANG_WARN_QUOTED_INCLUDE_IN_FRAMEWORK_HEADER = YES;
				CLANG_WARN_RANGE_LOOP_ANALYSIS = YES;
				CLANG_WARN_STRICT_PROTOTYPES = YES;
				CLANG_WARN_SUSPICIOUS_MOVE = YES;
				CLANG_WARN_UNGUARDED_AVAILABILITY = YES_AGGRESSIVE;
				CLANG_WARN_UNREACHABLE_CODE = YES;
				CLANG_WARN__DUPLICATE_METHOD_MATCH = YES;
				COPY_PHASE_STRIP = NO;
				DEBUG_INFORMATION_FORMAT = "dwarf-with-dsym";
				ENABLE_NS_ASSERTIONS = NO;
				ENABLE_STRICT_OBJC_MSGSEND = YES;
				GCC_C_LANGUAGE_STANDARD = gnu17;
				GCC_NO_COMMON_BLOCKS = YES;
				GCC_WARN_64_TO_32_BIT_CONVERSION = YES;
				GCC_WARN_ABOUT_RETURN_TYPE = YES_ERROR;
				GCC_WARN_UNDECLARED_SELECTOR = YES;
				GCC_WARN_UNINITIALIZED_AUTOS = YES_AGGRESSIVE;
				GCC_WARN_UNUSED_FUNCTION = YES;
				GCC_WARN_UNUSED_VARIABLE = YES;
				MACOSX_DEPLOYMENT_TARGET = 13.0;
				MTL_ENABLE_DEBUG_INFO = NO;
				MTL_FAST_MATH = YES;
				SDKROOT = macosx;
				SWIFT_COMPILATION_MODE = wholemodule;
				SWIFT_OPTIMIZATION_LEVEL = "-O";
			};
			name = Release;
		};
		AE000012 /* Debug */ = {
			isa = XCBuildConfiguration;
			buildSettings = {
				ARCHS = "$(ARCHS_STANDARD)";
				ASSETCATALOG_COMPILER_APPICON_NAME = AppIcon;
				CODE_SIGN_ENTITLEMENTS = MockTab/MockTab.entitlements;
				CODE_SIGN_IDENTITY = "MockTab Dev";
				"CODE_SIGN_IDENTITY[sdk=macosx*]" = "Developer ID Application";
				CODE_SIGN_STYLE = Manual;
				COMBINE_HIDPI_IMAGES = YES;
				CURRENT_PROJECT_VERSION = 13;
				DEVELOPMENT_ASSET_PATHS = "";
				"DEVELOPMENT_TEAM[sdk=macosx*]" = 3R62GZR6Q2;
				ENABLE_HARDENED_RUNTIME = YES;
				ENABLE_PREVIEWS = YES;
				GENERATE_INFOPLIST_FILE = NO;
				INFOPLIST_FILE = "$(DERIVED_FILE_DIR)/Info.plist";
				INFOPLIST_KEY_CFBundleDisplayName = MockTab;
				INFOPLIST_KEY_LSApplicationCategoryType = "public.app-category.utilities";
				INFOPLIST_KEY_NSHumanReadableCopyright = "";
				LD_RUNPATH_SEARCH_PATHS = (
					"$(inherited)",
					"@executable_path/../Frameworks",
				);
				MARKETING_VERSION = 0.4.2;
				PRODUCT_BUNDLE_IDENTIFIER = com.cyzor.mocktab;
				PRODUCT_NAME = "$(TARGET_NAME)";
				SUPPORTS_MACCATALYST = NO;
				SWIFT_EMIT_LOC_STRINGS = YES;
				SWIFT_VERSION = 5.0;
				VERSIONING_SYSTEM = "apple-generic";
			};
			name = Debug;
		};
		AE000013 /* Release */ = {
			isa = XCBuildConfiguration;
			buildSettings = {
				ARCHS = "$(ARCHS_STANDARD)";
				ASSETCATALOG_COMPILER_APPICON_NAME = AppIcon;
				CODE_SIGN_ENTITLEMENTS = MockTab/MockTab.entitlements;
				CODE_SIGN_IDENTITY = "MockTab Dev";
				"CODE_SIGN_IDENTITY[sdk=macosx*]" = "Developer ID Application";
				CODE_SIGN_STYLE = Manual;
				COMBINE_HIDPI_IMAGES = YES;
				CURRENT_PROJECT_VERSION = 13;
				DEVELOPMENT_ASSET_PATHS = "";
				"DEVELOPMENT_TEAM[sdk=macosx*]" = 3R62GZR6Q2;
				ENABLE_HARDENED_RUNTIME = YES;
				ENABLE_PREVIEWS = YES;
				GENERATE_INFOPLIST_FILE = NO;
				INFOPLIST_FILE = "$(DERIVED_FILE_DIR)/Info.plist";
				INFOPLIST_KEY_CFBundleDisplayName = MockTab;
				INFOPLIST_KEY_LSApplicationCategoryType = "public.app-category.utilities";
				INFOPLIST_KEY_NSHumanReadableCopyright = "";
				LD_RUNPATH_SEARCH_PATHS = (
					"$(inherited)",
					"@executable_path/../Frameworks",
				);
				MARKETING_VERSION = 0.4.2;
				PRODUCT_BUNDLE_IDENTIFIER = com.cyzor.mocktab;
				PRODUCT_NAME = "$(TARGET_NAME)";
				SUPPORTS_MACCATALYST = NO;
				SWIFT_EMIT_LOC_STRINGS = YES;
				SWIFT_VERSION = 5.0;
				VERSIONING_SYSTEM = "apple-generic";
			};
			name = Release;
		};
/* End XCBuildConfiguration section */

/* Begin XCConfigurationList section */
		AE000001 /* Build configuration list for PBXProject "MockTab" */ = {
			isa = XCConfigurationList;
			buildConfigurations = (
				AE000002 /* Debug */,
				AE000003 /* Release */,
			);
			defaultConfigurationIsVisible = 0;
			defaultConfigurationName = Release;
		};
		AE000010 /* Build configuration list for PBXNativeTarget "MockTab" */ = {
			isa = XCConfigurationList;
			buildConfigurations = (
				AE000012 /* Debug */,
				AE000013 /* Release */,
			);
			defaultConfigurationIsVisible = 0;
			defaultConfigurationName = Release;
		};
/* End XCConfigurationList section */

/* Begin XCLocalSwiftPackageReference section */
		05A04B802FCA009F00D64F90 /* XCLocalSwiftPackageReference "TabletKit" */ = {
			isa = XCLocalSwiftPackageReference;
			relativePath = TabletKit;
		};
/* End XCLocalSwiftPackageReference section */

/* Begin XCSwiftPackageProductDependency section */
		05A04B812FCA009F00D64F90 /* TabletKit */ = {
			isa = XCSwiftPackageProductDependency;
			productName = TabletKit;
		};
/* End XCSwiftPackageProductDependency section */
	};
	rootObject = AF000001 /* Project object */;
}
