// !$*UTF8*$!
{
	archiveVersion = 1;
	classes = {
	};
	objectVersion = 56;
	objects = {

/* Begin PBXBuildFile section */
		AA000001 /* MockTabApp.swift in Sources */ = {isa = PBXBuildFile; fileRef = AB000001 /* MockTabApp.swift */; };
		AA000002 /* MenuBarView.swift in Sources */ = {isa = PBXBuildFile; fileRef = AB000002 /* MenuBarView.swift */; };
		AA000003 /* TabletPoint.swift in Sources */ = {isa = PBXBuildFile; fileRef = AB000003 /* TabletPoint.swift */; };
		AA000004 /* TabletDevice.swift in Sources */ = {isa = PBXBuildFile; fileRef = AB000004 /* TabletDevice.swift */; };
		AA000005 /* PTH851Device.swift in Sources */ = {isa = PBXBuildFile; fileRef = AB000005 /* PTH851Device.swift */; };
		AA000006 /* PTH860Device.swift in Sources */ = {isa = PBXBuildFile; fileRef = AB000006 /* PTH860Device.swift */; };
		AA000007 /* TabletManager.swift in Sources */ = {isa = PBXBuildFile; fileRef = AB000007 /* TabletManager.swift */; };
		AA000008 /* InputInjector.swift in Sources */ = {isa = PBXBuildFile; fileRef = AB000008 /* InputInjector.swift */; };
		AA000009 /* TabletSettings.swift in Sources */ = {isa = PBXBuildFile; fileRef = AB000009 /* TabletSettings.swift */; };
		AA000010 /* BezierCurve.swift in Sources */ = {isa = PBXBuildFile; fileRef = AB000010 /* BezierCurve.swift */; };
		AA000011 /* PreferencesView.swift in Sources */ = {isa = PBXBuildFile; fileRef = AB000011 /* PreferencesView.swift */; };
		AA000012 /* TabletAreaView.swift in Sources */ = {isa = PBXBuildFile; fileRef = AB000012 /* TabletAreaView.swift */; };
		AA000013 /* PressureCurveView.swift in Sources */ = {isa = PBXBuildFile; fileRef = AB000013 /* PressureCurveView.swift */; };
		AA000014 /* ButtonMappingView.swift in Sources */ = {isa = PBXBuildFile; fileRef = AB000014 /* ButtonMappingView.swift */; };
		AA000015 /* DisplayMappingView.swift in Sources */ = {isa = PBXBuildFile; fileRef = AB000015 /* DisplayMappingView.swift */; };
		AA000016 /* ScratchpadView.swift in Sources */ = {isa = PBXBuildFile; fileRef = AB000016 /* ScratchpadView.swift */; };
/* End PBXBuildFile section */

/* Begin PBXFileReference section */
		AB000001 /* MockTabApp.swift */ = {isa = PBXFileReference; lastKnownFileType = sourcecode.swift; path = MockTabApp.swift; sourceTree = "<group>"; };
		AB000002 /* MenuBarView.swift */ = {isa = PBXFileReference; lastKnownFileType = sourcecode.swift; path = MenuBarView.swift; sourceTree = "<group>"; };
		AB000003 /* TabletPoint.swift */ = {isa = PBXFileReference; lastKnownFileType = sourcecode.swift; path = TabletPoint.swift; sourceTree = "<group>"; };
		AB000004 /* TabletDevice.swift */ = {isa = PBXFileReference; lastKnownFileType = sourcecode.swift; path = TabletDevice.swift; sourceTree = "<group>"; };
		AB000005 /* PTH851Device.swift */ = {isa = PBXFileReference; lastKnownFileType = sourcecode.swift; path = PTH851Device.swift; sourceTree = "<group>"; };
		AB000006 /* PTH860Device.swift */ = {isa = PBXFileReference; lastKnownFileType = sourcecode.swift; path = PTH860Device.swift; sourceTree = "<group>"; };
		AB000007 /* TabletManager.swift */ = {isa = PBXFileReference; lastKnownFileType = sourcecode.swift; path = TabletManager.swift; sourceTree = "<group>"; };
		AB000008 /* InputInjector.swift */ = {isa = PBXFileReference; lastKnownFileType = sourcecode.swift; path = InputInjector.swift; sourceTree = "<group>"; };
		AB000009 /* TabletSettings.swift */ = {isa = PBXFileReference; lastKnownFileType = sourcecode.swift; path = TabletSettings.swift; sourceTree = "<group>"; };
		AB000010 /* BezierCurve.swift */ = {isa = PBXFileReference; lastKnownFileType = sourcecode.swift; path = BezierCurve.swift; sourceTree = "<group>"; };
		AB000011 /* PreferencesView.swift */ = {isa = PBXFileReference; lastKnownFileType = sourcecode.swift; path = PreferencesView.swift; sourceTree = "<group>"; };
		AB000012 /* TabletAreaView.swift */ = {isa = PBXFileReference; lastKnownFileType = sourcecode.swift; path = TabletAreaView.swift; sourceTree = "<group>"; };
		AB000013 /* PressureCurveView.swift */ = {isa = PBXFileReference; lastKnownFileType = sourcecode.swift; path = PressureCurveView.swift; sourceTree = "<group>"; };
		AB000014 /* ButtonMappingView.swift */ = {isa = PBXFileReference; lastKnownFileType = sourcecode.swift; path = ButtonMappingView.swift; sourceTree = "<group>"; };
		AB000015 /* DisplayMappingView.swift */ = {isa = PBXFileReference; lastKnownFileType = sourcecode.swift; path = DisplayMappingView.swift; sourceTree = "<group>"; };
		AB000016 /* ScratchpadView.swift */ = {isa = PBXFileReference; lastKnownFileType = sourcecode.swift; path = ScratchpadView.swift; sourceTree = "<group>"; };
		AB000020 /* Info.plist */ = {isa = PBXFileReference; lastKnownFileType = text.plist.xml; path = Info.plist; sourceTree = "<group>"; };
		AB000021 /* MockTab.entitlements */ = {isa = PBXFileReference; lastKnownFileType = text.plist.entitlements; path = MockTab.entitlements; sourceTree = "<group>"; };
		AB000099 /* MockTab.app */ = {isa = PBXFileReference; explicitFileType = wrapper.application; includeInIndex = 0; path = MockTab.app; sourceTree = BUILT_PRODUCTS_DIR; };
/* End PBXFileReference section */

/* Begin PBXGroup section */
		AC000000 /* MockTab */ = {
			isa = PBXGroup;
			children = (
				AC000001 /* App */,
				AC000002 /* Driver */,
				AC000003 /* Settings */,
				AC000004 /* UI */,
				AB000020 /* Info.plist */,
				AB000021 /* MockTab.entitlements */,
			);
			path = MockTab;
			sourceTree = "<group>";
		};
		AC000001 /* App */ = {
			isa = PBXGroup;
			children = (
				AB000001 /* MockTabApp.swift */,
				AB000002 /* MenuBarView.swift */,
			);
			path = App;
			sourceTree = "<group>";
		};
		AC000002 /* Driver */ = {
			isa = PBXGroup;
			children = (
				AB000003 /* TabletPoint.swift */,
				AB000004 /* TabletDevice.swift */,
				AB000005 /* PTH851Device.swift */,
				AB000006 /* PTH860Device.swift */,
				AB000007 /* TabletManager.swift */,
				AB000008 /* InputInjector.swift */,
			);
			path = Driver;
			sourceTree = "<group>";
		};
		AC000003 /* Settings */ = {
			isa = PBXGroup;
			children = (
				AB000009 /* TabletSettings.swift */,
				AB000010 /* BezierCurve.swift */,
			);
			path = Settings;
			sourceTree = "<group>";
		};
		AC000004 /* UI */ = {
			isa = PBXGroup;
			children = (
				AB000011 /* PreferencesView.swift */,
				AB000012 /* TabletAreaView.swift */,
				AB000013 /* PressureCurveView.swift */,
				AB000014 /* ButtonMappingView.swift */,
				AB000015 /* DisplayMappingView.swift */,
				AB000016 /* ScratchpadView.swift */,
			);
			path = UI;
			sourceTree = "<group>";
		};
		AC000010 /* Products */ = {
			isa = PBXGroup;
			children = (
				AB000099 /* MockTab.app */,
			);
			name = Products;
			sourceTree = "<group>";
		};
		AC000099 /* root */ = {
			isa = PBXGroup;
			children = (
				AC000000 /* MockTab */,
				AC000010 /* Products */,
			);
			sourceTree = "<group>";
		};
/* End PBXGroup section */

/* Begin PBXNativeTarget section */
		AD000001 /* MockTab */ = {
			isa = PBXNativeTarget;
			buildConfigurationList = AE000010 /* Build configuration list for PBXNativeTarget "MockTab" */;
			buildPhases = (
				AD000010 /* Sources */,
				AD000011 /* Frameworks */,
				AD000012 /* Resources */,
			);
			buildRules = (
			);
			dependencies = (
			);
			name = MockTab;
			productName = MockTab;
			productReference = AB000099 /* MockTab.app */;
			productType = "com.apple.product-type.application";
		};
/* End PBXNativeTarget section */

/* Begin PBXProject section */
		AF000001 /* Project object */ = {
			isa = PBXProject;
			attributes = {
				BuildIndependentTargetsInParallel = 1;
				LastSwiftUpdateCheck = 1500;
				LastUpgradeCheck = 1500;
				TargetAttributes = {
					AD000001 = {
						CreatedOnToolsVersion = 15.0;
					};
				};
			};
			buildConfigurationList = AE000001 /* Build configuration list for PBXProject "MockTab" */;
			compatibilityVersion = "Xcode 14.0";
			developmentRegion = en;
			hasScannedForEncodings = 0;
			knownRegions = (
				en,
				Base,
			);
			mainGroup = AC000099 /* root */;
			productRefGroup = AC000010 /* Products */;
			projectDirPath = "";
			projectRoot = "";
			targets = (
				AD000001 /* MockTab */,
			);
		};
/* End PBXProject section */

/* Begin PBXSourcesBuildPhase section */
		AD000010 /* Sources */ = {
			isa = PBXSourcesBuildPhase;
			buildActionMask = 2147483647;
			files = (
				AA000001 /* MockTabApp.swift in Sources */,
				AA000002 /* MenuBarView.swift in Sources */,
				AA000003 /* TabletPoint.swift in Sources */,
				AA000004 /* TabletDevice.swift in Sources */,
				AA000005 /* PTH851Device.swift in Sources */,
				AA000006 /* PTH860Device.swift in Sources */,
				AA000007 /* TabletManager.swift in Sources */,
				AA000008 /* InputInjector.swift in Sources */,
				AA000009 /* TabletSettings.swift in Sources */,
				AA000010 /* BezierCurve.swift in Sources */,
				AA000011 /* PreferencesView.swift in Sources */,
				AA000012 /* TabletAreaView.swift in Sources */,
				AA000013 /* PressureCurveView.swift in Sources */,
				AA000014 /* ButtonMappingView.swift in Sources */,
				AA000015 /* DisplayMappingView.swift in Sources */,
				AA000016 /* ScratchpadView.swift in Sources */,
			);
			runOnlyForDeploymentPostprocessing = 0;
		};
/* End PBXSourcesBuildPhase section */

/* Begin PBXFrameworksBuildPhase section */
		AD000011 /* Frameworks */ = {
			isa = PBXFrameworksBuildPhase;
			buildActionMask = 2147483647;
			files = (
			);
			runOnlyForDeploymentPostprocessing = 0;
		};
/* End PBXFrameworksBuildPhase section */

/* Begin PBXResourcesBuildPhase section */
		AD000012 /* Resources */ = {
			isa = PBXResourcesBuildPhase;
			buildActionMask = 2147483647;
			files = (
			);
			runOnlyForDeploymentPostprocessing = 0;
		};
/* End PBXResourcesBuildPhase section */

/* Begin XCBuildConfiguration section */
		AE000002 /* Debug */ = {
			isa = XCBuildConfiguration;
			buildSettings = {
				ALWAYS_SEARCH_USER_PATHS = NO;
				CLANG_ANALYZER_NONNULL = YES;
				CLANG_ANALYZER_NUMBER_OBJECT_CONVERSION = YES_AGGRESSIVE;
				CLANG_CXX_LANGUAGE_STANDARD = "gnu++20";
				CLANG_ENABLE_MODULES = YES;
				CLANG_ENABLE_OBJC_ARC = YES;
				CLANG_ENABLE_OBJC_WEAK = YES;
				CLANG_WARN_BLOCK_CAPTURE_AUTORELEASING = YES;
				CLANG_WARN_BOOL_CONVERSION = YES;
				CLANG_WARN_COMMA = YES;
				CLANG_WARN_CONSTANT_CONVERSION = YES;
				CLANG_WARN_DEPRECATED_OBJC_IMPLEMENTATIONS = YES;
				CLANG_WARN_DIRECT_OBJC_ISA_USAGE = YES_ERROR;
				CLANG_WARN_DOCUMENTATION_COMMENTS = YES;
				CLANG_WARN_EMPTY_BODY = YES;
				CLANG_WARN_ENUM_CONVERSION = YES;
				CLANG_WARN_INFINITE_RECURSION = YES;
				CLANG_WARN_INT_CONVERSION = YES;
				CLANG_WARN_NON_LITERAL_NULL_CONVERSION = YES;
				CLANG_WARN_OBJC_IMPLICIT_RETAIN_CYCLE = YES;
				CLANG_WARN_OBJC_LITERAL_CONVERSION = YES;
				CLANG_WARN_OBJC_ROOT_CLASS = YES_ERROR;
				CLANG_WARN_QUOTED_INCLUDE_IN_FRAMEWORK_HEADER = YES;
				CLANG_WARN_RANGE_LOOP_ANALYSIS = YES;
				CLANG_WARN_STRICT_PROTOTYPES = YES;
				CLANG_WARN_SUSPICIOUS_MOVE = YES;
				CLANG_WARN_UNGUARDED_AVAILABILITY = YES_AGGRESSIVE;
				CLANG_WARN_UNREACHABLE_CODE = YES;
				CLANG_WARN__DUPLICATE_METHOD_MATCH = YES;
				COPY_PHASE_STRIP = NO;
				DEBUG_INFORMATION_FORMAT = dwarf;
				ENABLE_STRICT_OBJC_MSGSEND = YES;
				ENABLE_TESTABILITY = YES;
				GCC_C_LANGUAGE_STANDARD = gnu17;
				GCC_DYNAMIC_NO_PIC = NO;
				GCC_NO_COMMON_BLOCKS = YES;
				GCC_OPTIMIZATION_LEVEL = 0;
				GCC_PREPROCESSOR_DEFINITIONS = (
					"DEBUG=1",
					"$(inherited)",
				);
				GCC_WARN_64_TO_32_BIT_CONVERSION = YES;
				GCC_WARN_ABOUT_RETURN_TYPE = YES_ERROR;
				GCC_WARN_UNDECLARED_SELECTOR = YES;
				GCC_WARN_UNINITIALIZED_AUTOS = YES_AGGRESSIVE;
				GCC_WARN_UNUSED_FUNCTION = YES;
				GCC_WARN_UNUSED_VARIABLE = YES;
				MACOSX_DEPLOYMENT_TARGET = 13.0;
				MTL_ENABLE_DEBUG_INFO = INCLUDE_SOURCE;
				MTL_FAST_MATH = YES;
				ONLY_ACTIVE_ARCH = YES;
				SDKROOT = macosx;
				SWIFT_ACTIVE_COMPILATION_CONDITIONS = DEBUG;
				SWIFT_OPTIMIZATION_LEVEL = "-Onone";
			};
			name = Debug;
		};
		AE000003 /* Release */ = {
			isa = XCBuildConfiguration;
			buildSettings = {
				ALWAYS_SEARCH_USER_PATHS = NO;
				CLANG_ANALYZER_NONNULL = YES;
				CLANG_ANALYZER_NUMBER_OBJECT_CONVERSION = YES_AGGRESSIVE;
				CLANG_CXX_LANGUAGE_STANDARD = "gnu++20";
				CLANG_ENABLE_MODULES = YES;
				CLANG_ENABLE_OBJC_ARC = YES;
				CLANG_ENABLE_OBJC_WEAK = YES;
				CLANG_WARN_BLOCK_CAPTURE_AUTORELEASING = YES;
				CLANG_WARN_BOOL_CONVERSION = YES;
				CLANG_WARN_COMMA = YES;
				CLANG_WARN_CONSTANT_CONVERSION = YES;
				CLANG_WARN_DEPRECATED_OBJC_IMPLEMENTATIONS = YES;
				CLANG_WARN_DIRECT_OBJC_ISA_USAGE = YES_ERROR;
				CLANG_WARN_DOCUMENTATION_COMMENTS = YES;
				CLANG_WARN_EMPTY_BODY = YES;
				CLANG_WARN_ENUM_CONVERSION = YES;
				CLANG_WARN_INFINITE_RECURSION = YES;
				CLANG_WARN_INT_CONVERSION = YES;
				CLANG_WARN_NON_LITERAL_NULL_CONVERSION = YES;
				CLANG_WARN_OBJC_IMPLICIT_RETAIN_CYCLE = YES;
				CLANG_WARN_OBJC_LITERAL_CONVERSION = YES;
				CLANG_WARN_OBJC_ROOT_CLASS = YES_ERROR;
				CLANG_WARN_QUOTED_INCLUDE_IN_FRAMEWORK_HEADER = YES;
				CLANG_WARN_RANGE_LOOP_ANALYSIS = YES;
				CLANG_WARN_STRICT_PROTOTYPES = YES;
				CLANG_WARN_SUSPICIOUS_MOVE = YES;
				CLANG_WARN_UNGUARDED_AVAILABILITY = YES_AGGRESSIVE;
				CLANG_WARN_UNREACHABLE_CODE = YES;
				CLANG_WARN__DUPLICATE_METHOD_MATCH = YES;
				COPY_PHASE_STRIP = NO;
				DEBUG_INFORMATION_FORMAT = "dwarf-with-dsym";
				ENABLE_NS_ASSERTIONS = NO;
				ENABLE_STRICT_OBJC_MSGSEND = YES;
				GCC_C_LANGUAGE_STANDARD = gnu17;
				GCC_NO_COMMON_BLOCKS = YES;
				GCC_WARN_64_TO_32_BIT_CONVERSION = YES;
				GCC_WARN_ABOUT_RETURN_TYPE = YES_ERROR;
				GCC_WARN_UNDECLARED_SELECTOR = YES;
				GCC_WARN_UNINITIALIZED_AUTOS = YES_AGGRESSIVE;
				GCC_WARN_UNUSED_FUNCTION = YES;
				GCC_WARN_UNUSED_VARIABLE = YES;
				MACOSX_DEPLOYMENT_TARGET = 13.0;
				MTL_ENABLE_DEBUG_INFO = NO;
				MTL_FAST_MATH = YES;
				SDKROOT = macosx;
				SWIFT_COMPILATION_MODE = wholemodule;
				SWIFT_OPTIMIZATION_LEVEL = "-O";
			};
			name = Release;
		};
		AE000012 /* Debug */ = {
			isa = XCBuildConfiguration;
			buildSettings = {
				ASSETCATALOG_COMPILER_APPICON_NAME = AppIcon;
				ASSETCATALOG_COMPILER_GLOBAL_ACCENT_COLOR_NAME = AccentColor;
				CODE_SIGN_ENTITLEMENTS = MockTab/MockTab.entitlements;
				CODE_SIGN_IDENTITY = "-";
				CODE_SIGN_STYLE = Manual;
				COMBINE_HIDPI_IMAGES = YES;
				CURRENT_PROJECT_VERSION = 1;
				DEVELOPMENT_ASSET_PATHS = "";
				ENABLE_PREVIEWS = YES;
				GENERATE_INFOPLIST_FILE = NO;
				INFOPLIST_FILE = MockTab/Info.plist;
				INFOPLIST_KEY_NSHumanReadableCopyright = "";
				LD_RUNPATH_SEARCH_PATHS = (
					"$(inherited)",
					"@executable_path/../Frameworks",
				);
				MARKETING_VERSION = 0.1.0;
				PRODUCT_BUNDLE_IDENTIFIER = "io.mocktab";
				PRODUCT_NAME = "$(TARGET_NAME)";
				SUPPORTS_MACCATALYST = NO;
				SWIFT_EMIT_LOC_STRINGS = YES;
				SWIFT_VERSION = 5.0;
				ARCHS = "$(ARCHS_STANDARD)";
			};
			name = Debug;
		};
		AE000013 /* Release */ = {
			isa = XCBuildConfiguration;
			buildSettings = {
				ASSETCATALOG_COMPILER_APPICON_NAME = AppIcon;
				ASSETCATALOG_COMPILER_GLOBAL_ACCENT_COLOR_NAME = AccentColor;
				CODE_SIGN_ENTITLEMENTS = MockTab/MockTab.entitlements;
				CODE_SIGN_IDENTITY = "-";
				CODE_SIGN_STYLE = Manual;
				COMBINE_HIDPI_IMAGES = YES;
				CURRENT_PROJECT_VERSION = 1;
				DEVELOPMENT_ASSET_PATHS = "";
				ENABLE_PREVIEWS = YES;
				GENERATE_INFOPLIST_FILE = NO;
				INFOPLIST_FILE = MockTab/Info.plist;
				INFOPLIST_KEY_NSHumanReadableCopyright = "";
				LD_RUNPATH_SEARCH_PATHS = (
					"$(inherited)",
					"@executable_path/../Frameworks",
				);
				MARKETING_VERSION = 0.1.0;
				PRODUCT_BUNDLE_IDENTIFIER = "io.mocktab";
				PRODUCT_NAME = "$(TARGET_NAME)";
				SUPPORTS_MACCATALYST = NO;
				SWIFT_EMIT_LOC_STRINGS = YES;
				SWIFT_VERSION = 5.0;
				ARCHS = "$(ARCHS_STANDARD)";
			};
			name = Release;
		};
/* End XCBuildConfiguration section */

/* Begin XCConfigurationList section */
		AE000001 /* Build configuration list for PBXProject "MockTab" */ = {
			isa = XCConfigurationList;
			buildConfigurations = (
				AE000002 /* Debug */,
				AE000003 /* Release */,
			);
			defaultConfigurationIsVisible = 0;
			defaultConfigurationName = Release;
		};
		AE000010 /* Build configuration list for PBXNativeTarget "MockTab" */ = {
			isa = XCConfigurationList;
			buildConfigurations = (
				AE000012 /* Debug */,
				AE000013 /* Release */,
			);
			defaultConfigurationIsVisible = 0;
			defaultConfigurationName = Release;
		};
/* End XCConfigurationList section */

	};
	rootObject = AF000001 /* Project object */;
}
