// !$*UTF8*$!
{
	archiveVersion = 1;
	classes = {
	};
	objectVersion = 56;
	objects = {

/* Begin PBXBuildFile section */
		053AB9A62F723B910084C0E2 /* TabletManager.swift in Sources */ = {isa = PBXBuildFile; fileRef = 053AB9A52F723B910084C0E2 /* TabletManager.swift */; };
		05BFE59C2F79FE5200782B9E /* AboutWindowController.swift in Sources */ = {isa = PBXBuildFile; fileRef = 05BFE59B2F79FE5200782B9E /* AboutWindowController.swift */; };
		05D7EB7B2F79E6E30086E03F /* AboutApp.swift in Sources */ = {isa = PBXBuildFile; fileRef = 05D7EB7A2F79E6E30086E03F /* AboutApp.swift */; };
		AA000001 /* MockTabApp.swift in Sources */ = {isa = PBXBuildFile; fileRef = AB000001 /* MockTabApp.swift */; };
		AA000002 /* MenuBarView.swift in Sources */ = {isa = PBXBuildFile; fileRef = AB000002 /* MenuBarView.swift */; };
		AA000003 /* TabletPoint.swift in Sources */ = {isa = PBXBuildFile; fileRef = AB000003 /* TabletPoint.swift */; };
		AA000004 /* TabletDevice.swift in Sources */ = {isa = PBXBuildFile; fileRef = AB000004 /* TabletDevice.swift */; };
		AA000008 /* InputInjector.swift in Sources */ = {isa = PBXBuildFile; fileRef = AB000008 /* InputInjector.swift */; };
		AA000009 /* TabletSettings.swift in Sources */ = {isa = PBXBuildFile; fileRef = AB000009 /* TabletSettings.swift */; };
		AA000010 /* BezierCurve.swift in Sources */ = {isa = PBXBuildFile; fileRef = AB000010 /* BezierCurve.swift */; };
		AA000012 /* TabletAreaView.swift in Sources */ = {isa = PBXBuildFile; fileRef = AB000012 /* TabletAreaView.swift */; };
		AA000013 /* PressureCurveView.swift in Sources */ = {isa = PBXBuildFile; fileRef = AB000013 /* PressureCurveView.swift */; };
		AA000014 /* ButtonMappingView.swift in Sources */ = {isa = PBXBuildFile; fileRef = AB000014 /* ButtonMappingView.swift */; };
		AA000015 /* DisplayMappingView.swift in Sources */ = {isa = PBXBuildFile; fileRef = AB000015 /* DisplayMappingView.swift */; };
		AA000016 /* ScratchpadView.swift in Sources */ = {isa = PBXBuildFile; fileRef = AB000016 /* ScratchpadView.swift */; };
		AA000017 /* PreferencesWindowController.swift in Sources */ = {isa = PBXBuildFile; fileRef = AB000017 /* PreferencesWindowController.swift */; };
		AA000030 /* Assets.xcassets in Resources */ = {isa = PBXBuildFile; fileRef = AB000030 /* Assets.xcassets */; };
		AA000033 /* InfoView.swift in Sources */ = {isa = PBXBuildFile; fileRef = AB000033 /* InfoView.swift */; };
		AA000034 /* PresetsView.swift in Sources */ = {isa = PBXBuildFile; fileRef = AB000034 /* PresetsView.swift */; };
		AA000035 /* AppWatcher.swift in Sources */ = {isa = PBXBuildFile; fileRef = AB000035 /* AppWatcher.swift */; };
		AA000036 /* AppMenuController.swift in Sources */ = {isa = PBXBuildFile; fileRef = AB000036 /* AppMenuController.swift */; };
		AA000037 /* WacomProbeDevice.swift in Sources */ = {isa = PBXBuildFile; fileRef = AB000037 /* WacomProbeDevice.swift */; };
		AA000038 /* DTK2400Device.swift in Sources */ = {isa = PBXBuildFile; fileRef = AB000038 /* DTK2400Device.swift */; };
		AA000039 /* DeviceRegistry.swift in Sources */ = {isa = PBXBuildFile; fileRef = AB000039 /* DeviceRegistry.swift */; };
		AA000040 /* DevicesView.swift in Sources */ = {isa = PBXBuildFile; fileRef = AB000040 /* DevicesView.swift */; };
		AA000041 /* TabStatusBar.swift in Sources */ = {isa = PBXBuildFile; fileRef = AB000041 /* TabStatusBar.swift */; };
		AA000042 /* DeviceContext.swift in Sources */ = {isa = PBXBuildFile; fileRef = AB000042 /* DeviceContext.swift */; };
		AA000043 /* SettingsWindowController.swift in Sources */ = {isa = PBXBuildFile; fileRef = AB000043 /* SettingsWindowController.swift */; };
		AA000044 /* ToolSettings.swift in Sources */ = {isa = PBXBuildFile; fileRef = AB000044 /* ToolSettings.swift */; };
		AA000045 /* WacomGenericDevice.swift in Sources */ = {isa = PBXBuildFile; fileRef = AB000045 /* WacomGenericDevice.swift */; };
		AA000046 /* WacomDeviceRegistry.swift in Sources */ = {isa = PBXBuildFile; fileRef = AB000046 /* WacomDeviceRegistry.swift */; };
		AA000047 /* IntuosV2Decoder.swift in Sources */ = {isa = PBXBuildFile; fileRef = AB000047 /* IntuosV2Decoder.swift */; };
		AA000048 /* IntuosV1Decoder.swift in Sources */ = {isa = PBXBuildFile; fileRef = AB000048 /* IntuosV1Decoder.swift */; };
		AA000049 /* WacomUniversalDevice.swift in Sources */ = {isa = PBXBuildFile; fileRef = AB000049 /* WacomUniversalDevice.swift */; };
		AA000050 /* Intuos3Decoder.swift in Sources */ = {isa = PBXBuildFile; fileRef = AB000050 /* Intuos3Decoder.swift */; };
		AA000051 /* BambooDecoder.swift in Sources */ = {isa = PBXBuildFile; fileRef = AB000051 /* BambooDecoder.swift */; };
		AA000060 /* main.swift in Sources */ = {isa = PBXBuildFile; fileRef = AB000060 /* main.swift */; };
		AA000061 /* ShimApp.swift in Sources */ = {isa = PBXBuildFile; fileRef = AB000061 /* ShimApp.swift */; };
		AA000062 /* WacomAppleEventHandler.swift in Sources */ = {isa = PBXBuildFile; fileRef = AB000062 /* WacomAppleEventHandler.swift */; };
		AA000063 /* WacomShim.app in Embed Helpers */ = {isa = PBXBuildFile; fileRef = AB000065 /* WacomShim.app */; settings = {ATTRIBUTES = (RemoveHeadersOnCopy, ); }; };
		AA000070 /* HIDCapture.swift in Sources */ = {isa = PBXBuildFile; fileRef = AB000070 /* HIDCapture.swift */; };
		AA000100 /* Profile.swift in Sources */ = {isa = PBXBuildFile; fileRef = AB000100 /* Profile.swift */; };
/* End PBXBuildFile section */

/* Begin PBXContainerItemProxy section */
		AD000031 /* PBXContainerItemProxy */ = {
			isa = PBXContainerItemProxy;
			containerPortal = AF000001 /* Project object */;
			proxyType = 1;
			remoteGlobalIDString = AD000020;
			remoteInfo = WacomShim;
		};
/* End PBXContainerItemProxy section */

/* Begin PBXCopyFilesBuildPhase section */
		AD000013 /* Embed Helpers */ = {
			isa = PBXCopyFilesBuildPhase;
			buildActionMask = 2147483647;
			dstPath = "$(CONTENTS_FOLDER_PATH)/Helpers";
			dstSubfolderSpec = 16;
			files = (
				AA000063 /* WacomShim.app in Embed Helpers */,
			);
			name = "Embed Helpers";
			runOnlyForDeploymentPostprocessing = 0;
		};
/* End PBXCopyFilesBuildPhase section */

/* Begin PBXFileReference section */
		053AB9A52F723B910084C0E2 /* TabletManager.swift */ = {isa = PBXFileReference; lastKnownFileType = sourcecode.swift; path = TabletManager.swift; sourceTree = "<group>"; };
		05BFE59B2F79FE5200782B9E /* AboutWindowController.swift */ = {isa = PBXFileReference; lastKnownFileType = sourcecode.swift; path = AboutWindowController.swift; sourceTree = "<group>"; };
		05D7EB7A2F79E6E30086E03F /* AboutApp.swift */ = {isa = PBXFileReference; lastKnownFileType = sourcecode.swift; path = AboutApp.swift; sourceTree = "<group>"; };
		AB000001 /* MockTabApp.swift */ = {isa = PBXFileReference; lastKnownFileType = sourcecode.swift; path = MockTabApp.swift; sourceTree = "<group>"; };
		AB000002 /* MenuBarView.swift */ = {isa = PBXFileReference; lastKnownFileType = sourcecode.swift; path = MenuBarView.swift; sourceTree = "<group>"; };
		AB000003 /* TabletPoint.swift */ = {isa = PBXFileReference; lastKnownFileType = sourcecode.swift; path = TabletPoint.swift; sourceTree = "<group>"; };
		AB000004 /* TabletDevice.swift */ = {isa = PBXFileReference; lastKnownFileType = sourcecode.swift; path = TabletDevice.swift; sourceTree = "<group>"; };
		AB000008 /* InputInjector.swift */ = {isa = PBXFileReference; lastKnownFileType = sourcecode.swift; path = InputInjector.swift; sourceTree = "<group>"; };
		AB000009 /* TabletSettings.swift */ = {isa = PBXFileReference; lastKnownFileType = sourcecode.swift; path = TabletSettings.swift; sourceTree = "<group>"; };
		AB000010 /* BezierCurve.swift */ = {isa = PBXFileReference; lastKnownFileType = sourcecode.swift; path = BezierCurve.swift; sourceTree = "<group>"; };
		AB000012 /* TabletAreaView.swift */ = {isa = PBXFileReference; lastKnownFileType = sourcecode.swift; path = TabletAreaView.swift; sourceTree = "<group>"; };
		AB000013 /* PressureCurveView.swift */ = {isa = PBXFileReference; lastKnownFileType = sourcecode.swift; path = PressureCurveView.swift; sourceTree = "<group>"; };
		AB000014 /* ButtonMappingView.swift */ = {isa = PBXFileReference; lastKnownFileType = sourcecode.swift; path = ButtonMappingView.swift; sourceTree = "<group>"; };
		AB000015 /* DisplayMappingView.swift */ = {isa = PBXFileReference; lastKnownFileType = sourcecode.swift; path = DisplayMappingView.swift; sourceTree = "<group>"; };
		AB000016 /* ScratchpadView.swift */ = {isa = PBXFileReference; lastKnownFileType = sourcecode.swift; path = ScratchpadView.swift; sourceTree = "<group>"; };
		AB000017 /* PreferencesWindowController.swift */ = {isa = PBXFileReference; lastKnownFileType = sourcecode.swift; path = PreferencesWindowController.swift; sourceTree = "<group>"; };
		AB000020 /* Info.plist */ = {isa = PBXFileReference; lastKnownFileType = text.plist.xml; path = Info.plist; sourceTree = "<group>"; };
		AB000021 /* MockTab.entitlements */ = {isa = PBXFileReference; lastKnownFileType = text.plist.entitlements; path = MockTab.entitlements; sourceTree = "<group>"; };
		AB000030 /* Assets.xcassets */ = {isa = PBXFileReference; lastKnownFileType = folder.assetcatalog; path = Assets.xcassets; sourceTree = "<group>"; };
		AB000033 /* InfoView.swift */ = {isa = PBXFileReference; lastKnownFileType = sourcecode.swift; path = InfoView.swift; sourceTree = "<group>"; };
		AB000034 /* PresetsView.swift */ = {isa = PBXFileReference; lastKnownFileType = sourcecode.swift; path = PresetsView.swift; sourceTree = "<group>"; };
		AB000035 /* AppWatcher.swift */ = {isa = PBXFileReference; lastKnownFileType = sourcecode.swift; path = AppWatcher.swift; sourceTree = "<group>"; };
		AB000036 /* AppMenuController.swift */ = {isa = PBXFileReference; lastKnownFileType = sourcecode.swift; path = AppMenuController.swift; sourceTree = "<group>"; };
		AB000037 /* WacomProbeDevice.swift */ = {isa = PBXFileReference; lastKnownFileType = sourcecode.swift; path = WacomProbeDevice.swift; sourceTree = "<group>"; };
		AB000038 /* DTK2400Device.swift */ = {isa = PBXFileReference; lastKnownFileType = sourcecode.swift; path = DTK2400Device.swift; sourceTree = "<group>"; };
		AB000039 /* DeviceRegistry.swift */ = {isa = PBXFileReference; lastKnownFileType = sourcecode.swift; path = DeviceRegistry.swift; sourceTree = "<group>"; };
		AB000040 /* DevicesView.swift */ = {isa = PBXFileReference; lastKnownFileType = sourcecode.swift; path = DevicesView.swift; sourceTree = "<group>"; };
		AB000041 /* TabStatusBar.swift */ = {isa = PBXFileReference; lastKnownFileType = sourcecode.swift; path = TabStatusBar.swift; sourceTree = "<group>"; };
		AB000042 /* DeviceContext.swift */ = {isa = PBXFileReference; lastKnownFileType = sourcecode.swift; path = DeviceContext.swift; sourceTree = "<group>"; };
		AB000043 /* SettingsWindowController.swift */ = {isa = PBXFileReference; lastKnownFileType = sourcecode.swift; path = SettingsWindowController.swift; sourceTree = "<group>"; };
		AB000044 /* ToolSettings.swift */ = {isa = PBXFileReference; lastKnownFileType = sourcecode.swift; path = ToolSettings.swift; sourceTree = "<group>"; };
		AB000045 /* WacomGenericDevice.swift */ = {isa = PBXFileReference; lastKnownFileType = sourcecode.swift; path = WacomGenericDevice.swift; sourceTree = "<group>"; };
		AB000046 /* WacomDeviceRegistry.swift */ = {isa = PBXFileReference; lastKnownFileType = sourcecode.swift; path = WacomDeviceRegistry.swift; sourceTree = "<group>"; };
		AB000047 /* IntuosV2Decoder.swift */ = {isa = PBXFileReference; lastKnownFileType = sourcecode.swift; path = IntuosV2Decoder.swift; sourceTree = "<group>"; };
		AB000048 /* IntuosV1Decoder.swift */ = {isa = PBXFileReference; lastKnownFileType = sourcecode.swift; path = IntuosV1Decoder.swift; sourceTree = "<group>"; };
		AB000049 /* WacomUniversalDevice.swift */ = {isa = PBXFileReference; lastKnownFileType = sourcecode.swift; path = WacomUniversalDevice.swift; sourceTree = "<group>"; };
		AB000050 /* Intuos3Decoder.swift */ = {isa = PBXFileReference; lastKnownFileType = sourcecode.swift; path = Intuos3Decoder.swift; sourceTree = "<group>"; };
		AB000051 /* BambooDecoder.swift */ = {isa = PBXFileReference; lastKnownFileType = sourcecode.swift; path = BambooDecoder.swift; sourceTree = "<group>"; };
		AB000060 /* main.swift */ = {isa = PBXFileReference; lastKnownFileType = sourcecode.swift; path = main.swift; sourceTree = "<group>"; };
		AB000061 /* ShimApp.swift */ = {isa = PBXFileReference; lastKnownFileType = sourcecode.swift; path = ShimApp.swift; sourceTree = "<group>"; };
		AB000062 /* WacomAppleEventHandler.swift */ = {isa = PBXFileReference; lastKnownFileType = sourcecode.swift; path = WacomAppleEventHandler.swift; sourceTree = "<group>"; };
		AB000063 /* Info.plist */ = {isa = PBXFileReference; lastKnownFileType = text.plist.xml; path = Info.plist; sourceTree = "<group>"; };
		AB000064 /* WacomShim.entitlements */ = {isa = PBXFileReference; lastKnownFileType = text.plist.entitlements; path = WacomShim.entitlements; sourceTree = "<group>"; };
		AB000065 /* WacomShim.app */ = {isa = PBXFileReference; explicitFileType = wrapper.application; includeInIndex = 0; path = WacomShim.app; sourceTree = BUILT_PRODUCTS_DIR; };
		AB000070 /* HIDCapture.swift */ = {isa = PBXFileReference; lastKnownFileType = sourcecode.swift; path = HIDCapture.swift; sourceTree = "<group>"; };
		AB000099 /* MockTab.app */ = {isa = PBXFileReference; explicitFileType = wrapper.application; includeInIndex = 0; path = MockTab.app; sourceTree = BUILT_PRODUCTS_DIR; };
		AB000100 /* Profile.swift */ = {isa = PBXFileReference; lastKnownFileType = sourcecode.swift; path = Profile.swift; sourceTree = "<group>"; };
/* End PBXFileReference section */

/* Begin PBXFrameworksBuildPhase section */
		AD000011 /* Frameworks */ = {
			isa = PBXFrameworksBuildPhase;
			buildActionMask = 2147483647;
			files = (
			);
			runOnlyForDeploymentPostprocessing = 0;
		};
		AD000022 /* Frameworks */ = {
			isa = PBXFrameworksBuildPhase;
			buildActionMask = 2147483647;
			files = (
			);
			runOnlyForDeploymentPostprocessing = 0;
		};
/* End PBXFrameworksBuildPhase section */

/* Begin PBXGroup section */
		AC000000 /* MockTab */ = {
			isa = PBXGroup;
			children = (
				AC000001 /* App */,
				AC000002 /* Driver */,
				AC000003 /* Settings */,
				AC000004 /* UI */,
				AB000030 /* Assets.xcassets */,
				AB000020 /* Info.plist */,
				AB000021 /* MockTab.entitlements */,
			);
			path = MockTab;
			sourceTree = "<group>";
		};
		AC000001 /* App */ = {
			isa = PBXGroup;
			children = (
				AB000001 /* MockTabApp.swift */,
				AB000002 /* MenuBarView.swift */,
				AB000017 /* PreferencesWindowController.swift */,
				AB000043 /* SettingsWindowController.swift */,
				AB000036 /* AppMenuController.swift */,
				05BFE59B2F79FE5200782B9E /* AboutWindowController.swift */,
			);
			path = App;
			sourceTree = "<group>";
		};
		AC000002 /* Driver */ = {
			isa = PBXGroup;
			children = (
				AB000003 /* TabletPoint.swift */,
				AB000004 /* TabletDevice.swift */,
				AB000037 /* WacomProbeDevice.swift */,
				AB000038 /* DTK2400Device.swift */,
				AB000045 /* WacomGenericDevice.swift */,
				AB000046 /* WacomDeviceRegistry.swift */,
				AB000070 /* HIDCapture.swift */,
				AB000049 /* WacomUniversalDevice.swift */,
				AC000005 /* Decoders */,
				AB000039 /* DeviceRegistry.swift */,
				AB000042 /* DeviceContext.swift */,
				AB000035 /* AppWatcher.swift */,
				AB000008 /* InputInjector.swift */,
				053AB9A52F723B910084C0E2 /* TabletManager.swift */,
			);
			path = Driver;
			sourceTree = "<group>";
		};
		AC000003 /* Settings */ = {
			isa = PBXGroup;
			children = (
				AB000009 /* TabletSettings.swift */,
				AB000044 /* ToolSettings.swift */,
				AB000010 /* BezierCurve.swift */,
				AB000100 /* Profile.swift */,
			);
			path = Settings;
			sourceTree = "<group>";
		};
		AC000004 /* UI */ = {
			isa = PBXGroup;
			children = (
				AB000012 /* TabletAreaView.swift */,
				AB000013 /* PressureCurveView.swift */,
				AB000014 /* ButtonMappingView.swift */,
				AB000015 /* DisplayMappingView.swift */,
				AB000016 /* ScratchpadView.swift */,
				AB000033 /* InfoView.swift */,
				AB000034 /* PresetsView.swift */,
				AB000040 /* DevicesView.swift */,
				AB000041 /* TabStatusBar.swift */,
				05D7EB7A2F79E6E30086E03F /* AboutApp.swift */,
			);
			path = UI;
			sourceTree = "<group>";
		};
		AC000005 /* Decoders */ = {
			isa = PBXGroup;
			children = (
				AB000047 /* IntuosV2Decoder.swift */,
				AB000048 /* IntuosV1Decoder.swift */,
				AB000050 /* Intuos3Decoder.swift */,
				AB000051 /* BambooDecoder.swift */,
			);
			path = Decoders;
			sourceTree = "<group>";
		};
		AC000010 /* Products */ = {
			isa = PBXGroup;
			children = (
				AB000099 /* MockTab.app */,
				AB000065 /* WacomShim.app */,
			);
			name = Products;
			sourceTree = "<group>";
		};
		AC000020 /* WacomShim */ = {
			isa = PBXGroup;
			children = (
				AB000060 /* main.swift */,
				AB000061 /* ShimApp.swift */,
				AB000062 /* WacomAppleEventHandler.swift */,
				AB000063 /* Info.plist */,
				AB000064 /* WacomShim.entitlements */,
			);
			path = WacomShim;
			sourceTree = "<group>";
		};
		AC000099 = {
			isa = PBXGroup;
			children = (
				AC000000 /* MockTab */,
				AC000020 /* WacomShim */,
				AC000010 /* Products */,
			);
			sourceTree = "<group>";
		};
/* End PBXGroup section */

/* Begin PBXNativeTarget section */
		AD000001 /* MockTab */ = {
			isa = PBXNativeTarget;
			buildConfigurationList = AE000010 /* Build configuration list for PBXNativeTarget "MockTab" */;
			buildPhases = (
				AD000010 /* Sources */,
				AD000011 /* Frameworks */,
				AD000012 /* Resources */,
				AD000013 /* Embed Helpers */,
			);
			buildRules = (
			);
			dependencies = (
				AD000030 /* PBXTargetDependency */,
			);
			name = MockTab;
			productName = MockTab;
			productReference = AB000099 /* MockTab.app */;
			productType = "com.apple.product-type.application";
		};
		AD000020 /* WacomShim */ = {
			isa = PBXNativeTarget;
			buildConfigurationList = AE000020 /* Build configuration list for PBXNativeTarget "WacomShim" */;
			buildPhases = (
				AD000021 /* Sources */,
				AD000022 /* Frameworks */,
			);
			buildRules = (
			);
			dependencies = (
			);
			name = WacomShim;
			productName = WacomShim;
			productReference = AB000065 /* WacomShim.app */;
			productType = "com.apple.product-type.application";
		};
/* End PBXNativeTarget section */

/* Begin PBXProject section */
		AF000001 /* Project object */ = {
			isa = PBXProject;
			attributes = {
				BuildIndependentTargetsInParallel = 1;
				LastSwiftUpdateCheck = 1500;
				LastUpgradeCheck = 1500;
				TargetAttributes = {
					AD000001 = {
						CreatedOnToolsVersion = 15.0;
					};
					AD000020 = {
						CreatedOnToolsVersion = 15.0;
					};
				};
			};
			buildConfigurationList = AE000001 /* Build configuration list for PBXProject "MockTab" */;
			compatibilityVersion = "Xcode 14.0";
			developmentRegion = en;
			hasScannedForEncodings = 0;
			knownRegions = (
				en,
				Base,
			);
			mainGroup = AC000099;
			productRefGroup = AC000010 /* Products */;
			projectDirPath = "";
			projectRoot = "";
			targets = (
				AD000001 /* MockTab */,
				AD000020 /* WacomShim */,
			);
		};
/* End PBXProject section */

/* Begin PBXResourcesBuildPhase section */
		AD000012 /* Resources */ = {
			isa = PBXResourcesBuildPhase;
			buildActionMask = 2147483647;
			files = (
				AA000030 /* Assets.xcassets in Resources */,
			);
			runOnlyForDeploymentPostprocessing = 0;
		};
/* End PBXResourcesBuildPhase section */

/* Begin PBXSourcesBuildPhase section */
		AD000010 /* Sources */ = {
			isa = PBXSourcesBuildPhase;
			buildActionMask = 2147483647;
			files = (
				AA000001 /* MockTabApp.swift in Sources */,
				AA000002 /* MenuBarView.swift in Sources */,
				AA000017 /* PreferencesWindowController.swift in Sources */,
				AA000043 /* SettingsWindowController.swift in Sources */,
				AA000036 /* AppMenuController.swift in Sources */,
				AA000003 /* TabletPoint.swift in Sources */,
				AA000004 /* TabletDevice.swift in Sources */,
				AA000037 /* WacomProbeDevice.swift in Sources */,
				AA000038 /* DTK2400Device.swift in Sources */,
				05D7EB7B2F79E6E30086E03F /* AboutApp.swift in Sources */,
				AA000045 /* WacomGenericDevice.swift in Sources */,
				AA000046 /* WacomDeviceRegistry.swift in Sources */,
				AA000070 /* HIDCapture.swift in Sources */,
				AA000049 /* WacomUniversalDevice.swift in Sources */,
				AA000047 /* IntuosV2Decoder.swift in Sources */,
				AA000048 /* IntuosV1Decoder.swift in Sources */,
				AA000050 /* Intuos3Decoder.swift in Sources */,
				AA000051 /* BambooDecoder.swift in Sources */,
				AA000039 /* DeviceRegistry.swift in Sources */,
				053AB9A62F723B910084C0E2 /* TabletManager.swift in Sources */,
				AA000042 /* DeviceContext.swift in Sources */,
				AA000035 /* AppWatcher.swift in Sources */,
				05BFE59C2F79FE5200782B9E /* AboutWindowController.swift in Sources */,
				AA000008 /* InputInjector.swift in Sources */,
				AA000009 /* TabletSettings.swift in Sources */,
				AA000044 /* ToolSettings.swift in Sources */,
				AA000010 /* BezierCurve.swift in Sources */,
				AA000100 /* Profile.swift in Sources */,
				AA000012 /* TabletAreaView.swift in Sources */,
				AA000013 /* PressureCurveView.swift in Sources */,
				AA000014 /* ButtonMappingView.swift in Sources */,
				AA000015 /* DisplayMappingView.swift in Sources */,
				AA000016 /* ScratchpadView.swift in Sources */,
				AA000033 /* InfoView.swift in Sources */,
				AA000034 /* PresetsView.swift in Sources */,
				AA000040 /* DevicesView.swift in Sources */,
				AA000041 /* TabStatusBar.swift in Sources */,
			);
			runOnlyForDeploymentPostprocessing = 0;
		};
		AD000021 /* Sources */ = {
			isa = PBXSourcesBuildPhase;
			buildActionMask = 2147483647;
			files = (
				AA000060 /* main.swift in Sources */,
				AA000061 /* ShimApp.swift in Sources */,
				AA000062 /* WacomAppleEventHandler.swift in Sources */,
			);
			runOnlyForDeploymentPostprocessing = 0;
		};
/* End PBXSourcesBuildPhase section */

/* Begin PBXTargetDependency section */
		AD000030 /* PBXTargetDependency */ = {
			isa = PBXTargetDependency;
			target = AD000020 /* WacomShim */;
			targetProxy = AD000031 /* PBXContainerItemProxy */;
		};
/* End PBXTargetDependency section */

/* Begin XCBuildConfiguration section */
		AE000002 /* Debug */ = {
			isa = XCBuildConfiguration;
			buildSettings = {
				ALWAYS_SEARCH_USER_PATHS = NO;
				CLANG_ANALYZER_NONNULL = YES;
				CLANG_ANALYZER_NUMBER_OBJECT_CONVERSION = YES_AGGRESSIVE;
				CLANG_CXX_LANGUAGE_STANDARD = "gnu++20";
				CLANG_ENABLE_MODULES = YES;
				CLANG_ENABLE_OBJC_ARC = YES;
				CLANG_ENABLE_OBJC_WEAK = YES;
				CLANG_WARN_BLOCK_CAPTURE_AUTORELEASING = YES;
				CLANG_WARN_BOOL_CONVERSION = YES;
				CLANG_WARN_COMMA = YES;
				CLANG_WARN_CONSTANT_CONVERSION = YES;
				CLANG_WARN_DEPRECATED_OBJC_IMPLEMENTATIONS = YES;
				CLANG_WARN_DIRECT_OBJC_ISA_USAGE = YES_ERROR;
				CLANG_WARN_DOCUMENTATION_COMMENTS = YES;
				CLANG_WARN_EMPTY_BODY = YES;
				CLANG_WARN_ENUM_CONVERSION = YES;
				CLANG_WARN_INFINITE_RECURSION = YES;
				CLANG_WARN_INT_CONVERSION = YES;
				CLANG_WARN_NON_LITERAL_NULL_CONVERSION = YES;
				CLANG_WARN_OBJC_IMPLICIT_RETAIN_CYCLE = YES;
				CLANG_WARN_OBJC_LITERAL_CONVERSION = YES;
				CLANG_WARN_OBJC_ROOT_CLASS = YES_ERROR;
				CLANG_WARN_QUOTED_INCLUDE_IN_FRAMEWORK_HEADER = YES;
				CLANG_WARN_RANGE_LOOP_ANALYSIS = YES;
				CLANG_WARN_STRICT_PROTOTYPES = YES;
				CLANG_WARN_SUSPICIOUS_MOVE = YES;
				CLANG_WARN_UNGUARDED_AVAILABILITY = YES_AGGRESSIVE;
				CLANG_WARN_UNREACHABLE_CODE = YES;
				CLANG_WARN__DUPLICATE_METHOD_MATCH = YES;
				COPY_PHASE_STRIP = NO;
				DEBUG_INFORMATION_FORMAT = dwarf;
				ENABLE_STRICT_OBJC_MSGSEND = YES;
				ENABLE_TESTABILITY = YES;
				GCC_C_LANGUAGE_STANDARD = gnu17;
				GCC_DYNAMIC_NO_PIC = NO;
				GCC_NO_COMMON_BLOCKS = YES;
				GCC_OPTIMIZATION_LEVEL = 0;
				GCC_PREPROCESSOR_DEFINITIONS = (
					"DEBUG=1",
					"$(inherited)",
				);
				GCC_WARN_64_TO_32_BIT_CONVERSION = YES;
				GCC_WARN_ABOUT_RETURN_TYPE = YES_ERROR;
				GCC_WARN_UNDECLARED_SELECTOR = YES;
				GCC_WARN_UNINITIALIZED_AUTOS = YES_AGGRESSIVE;
				GCC_WARN_UNUSED_FUNCTION = YES;
				GCC_WARN_UNUSED_VARIABLE = YES;
				MACOSX_DEPLOYMENT_TARGET = 13.0;
				MTL_ENABLE_DEBUG_INFO = INCLUDE_SOURCE;
				MTL_FAST_MATH = YES;
				ONLY_ACTIVE_ARCH = YES;
				SDKROOT = macosx;
				SWIFT_ACTIVE_COMPILATION_CONDITIONS = DEBUG;
				SWIFT_OPTIMIZATION_LEVEL = "-Onone";
			};
			name = Debug;
		};
		AE000003 /* Release */ = {
			isa = XCBuildConfiguration;
			buildSettings = {
				ALWAYS_SEARCH_USER_PATHS = NO;
				CLANG_ANALYZER_NONNULL = YES;
				CLANG_ANALYZER_NUMBER_OBJECT_CONVERSION = YES_AGGRESSIVE;
				CLANG_CXX_LANGUAGE_STANDARD = "gnu++20";
				CLANG_ENABLE_MODULES = YES;
				CLANG_ENABLE_OBJC_ARC = YES;
				CLANG_ENABLE_OBJC_WEAK = YES;
				CLANG_WARN_BLOCK_CAPTURE_AUTORELEASING = YES;
				CLANG_WARN_BOOL_CONVERSION = YES;
				CLANG_WARN_COMMA = YES;
				CLANG_WARN_CONSTANT_CONVERSION = YES;
				CLANG_WARN_DEPRECATED_OBJC_IMPLEMENTATIONS = YES;
				CLANG_WARN_DIRECT_OBJC_ISA_USAGE = YES_ERROR;
				CLANG_WARN_DOCUMENTATION_COMMENTS = YES;
				CLANG_WARN_EMPTY_BODY = YES;
				CLANG_WARN_ENUM_CONVERSION = YES;
				CLANG_WARN_INFINITE_RECURSION = YES;
				CLANG_WARN_INT_CONVERSION = YES;
				CLANG_WARN_NON_LITERAL_NULL_CONVERSION = YES;
				CLANG_WARN_OBJC_IMPLICIT_RETAIN_CYCLE = YES;
				CLANG_WARN_OBJC_LITERAL_CONVERSION = YES;
				CLANG_WARN_OBJC_ROOT_CLASS = YES_ERROR;
				CLANG_WARN_QUOTED_INCLUDE_IN_FRAMEWORK_HEADER = YES;
				CLANG_WARN_RANGE_LOOP_ANALYSIS = YES;
				CLANG_WARN_STRICT_PROTOTYPES = YES;
				CLANG_WARN_SUSPICIOUS_MOVE = YES;
				CLANG_WARN_UNGUARDED_AVAILABILITY = YES_AGGRESSIVE;
				CLANG_WARN_UNREACHABLE_CODE = YES;
				CLANG_WARN__DUPLICATE_METHOD_MATCH = YES;
				COPY_PHASE_STRIP = NO;
				DEBUG_INFORMATION_FORMAT = "dwarf-with-dsym";
				ENABLE_NS_ASSERTIONS = NO;
				ENABLE_STRICT_OBJC_MSGSEND = YES;
				GCC_C_LANGUAGE_STANDARD = gnu17;
				GCC_NO_COMMON_BLOCKS = YES;
				GCC_WARN_64_TO_32_BIT_CONVERSION = YES;
				GCC_WARN_ABOUT_RETURN_TYPE = YES_ERROR;
				GCC_WARN_UNDECLARED_SELECTOR = YES;
				GCC_WARN_UNINITIALIZED_AUTOS = YES_AGGRESSIVE;
				GCC_WARN_UNUSED_FUNCTION = YES;
				GCC_WARN_UNUSED_VARIABLE = YES;
				MACOSX_DEPLOYMENT_TARGET = 13.0;
				MTL_ENABLE_DEBUG_INFO = NO;
				MTL_FAST_MATH = YES;
				SDKROOT = macosx;
				SWIFT_COMPILATION_MODE = wholemodule;
				SWIFT_OPTIMIZATION_LEVEL = "-O";
			};
			name = Release;
		};
		AE000012 /* Debug */ = {
			isa = XCBuildConfiguration;
			buildSettings = {
				ARCHS = "$(ARCHS_STANDARD)";
				ASSETCATALOG_COMPILER_APPICON_NAME = AppIcon;
				ASSETCATALOG_COMPILER_GLOBAL_ACCENT_COLOR_NAME = AccentColor;
				CODE_SIGN_ENTITLEMENTS = MockTab/MockTab.entitlements;
				CODE_SIGN_IDENTITY = "MockTab Dev";
				CODE_SIGN_STYLE = Manual;
				COMBINE_HIDPI_IMAGES = YES;
				CURRENT_PROJECT_VERSION = 1;
				DEVELOPMENT_ASSET_PATHS = "";
				ENABLE_PREVIEWS = YES;
				GENERATE_INFOPLIST_FILE = NO;
				INFOPLIST_FILE = MockTab/Info.plist;
				INFOPLIST_KEY_LSApplicationCategoryType = "public.app-category.utilities";
				INFOPLIST_KEY_NSHumanReadableCopyright = "";
				LD_RUNPATH_SEARCH_PATHS = (
					"$(inherited)",
					"@executable_path/../Frameworks",
				);
				MARKETING_VERSION = 0.1.0;
				PRODUCT_BUNDLE_IDENTIFIER = com.cyzor.mocktab;
				PRODUCT_NAME = "$(TARGET_NAME)";
				SUPPORTS_MACCATALYST = NO;
				SWIFT_EMIT_LOC_STRINGS = YES;
				SWIFT_VERSION = 5.0;
			};
			name = Debug;
		};
		AE000013 /* Release */ = {
			isa = XCBuildConfiguration;
			buildSettings = {
				ARCHS = "$(ARCHS_STANDARD)";
				ASSETCATALOG_COMPILER_APPICON_NAME = AppIcon;
				ASSETCATALOG_COMPILER_GLOBAL_ACCENT_COLOR_NAME = AccentColor;
				CODE_SIGN_ENTITLEMENTS = MockTab/MockTab.entitlements;
				CODE_SIGN_IDENTITY = "MockTab Dev";
				CODE_SIGN_STYLE = Manual;
				COMBINE_HIDPI_IMAGES = YES;
				CURRENT_PROJECT_VERSION = 1;
				DEVELOPMENT_ASSET_PATHS = "";
				ENABLE_PREVIEWS = YES;
				GENERATE_INFOPLIST_FILE = NO;
				INFOPLIST_FILE = MockTab/Info.plist;
				INFOPLIST_KEY_LSApplicationCategoryType = "public.app-category.utilities";
				INFOPLIST_KEY_NSHumanReadableCopyright = "";
				LD_RUNPATH_SEARCH_PATHS = (
					"$(inherited)",
					"@executable_path/../Frameworks",
				);
				MARKETING_VERSION = 0.1.0;
				PRODUCT_BUNDLE_IDENTIFIER = com.cyzor.mocktab;
				PRODUCT_NAME = "$(TARGET_NAME)";
				SUPPORTS_MACCATALYST = NO;
				SWIFT_EMIT_LOC_STRINGS = YES;
				SWIFT_VERSION = 5.0;
			};
			name = Release;
		};
		AE000022 /* Debug */ = {
			isa = XCBuildConfiguration;
			buildSettings = {
				ARCHS = "$(ARCHS_STANDARD)";
				CODE_SIGN_ENTITLEMENTS = WacomShim/WacomShim.entitlements;
				CODE_SIGN_IDENTITY = "MockTab Dev";
				CODE_SIGN_STYLE = Manual;
				CURRENT_PROJECT_VERSION = 1;
				GENERATE_INFOPLIST_FILE = NO;
				INFOPLIST_FILE = WacomShim/Info.plist;
				LD_RUNPATH_SEARCH_PATHS = (
					"$(inherited)",
					"@executable_path/../Frameworks",
				);
				MACOSX_DEPLOYMENT_TARGET = 13.0;
				MARKETING_VERSION = 0.1.0;
				PRODUCT_BUNDLE_IDENTIFIER = com.wacom.TabletDriver;
				PRODUCT_NAME = "$(TARGET_NAME)";
				SUPPORTS_MACCATALYST = NO;
				SWIFT_VERSION = 5.0;
			};
			name = Debug;
		};
		AE000023 /* Release */ = {
			isa = XCBuildConfiguration;
			buildSettings = {
				ARCHS = "$(ARCHS_STANDARD)";
				CODE_SIGN_ENTITLEMENTS = WacomShim/WacomShim.entitlements;
				CODE_SIGN_IDENTITY = "MockTab Dev";
				CODE_SIGN_STYLE = Manual;
				CURRENT_PROJECT_VERSION = 1;
				GENERATE_INFOPLIST_FILE = NO;
				INFOPLIST_FILE = WacomShim/Info.plist;
				LD_RUNPATH_SEARCH_PATHS = (
					"$(inherited)",
					"@executable_path/../Frameworks",
				);
				MACOSX_DEPLOYMENT_TARGET = 13.0;
				MARKETING_VERSION = 0.1.0;
				PRODUCT_BUNDLE_IDENTIFIER = com.wacom.TabletDriver;
				PRODUCT_NAME = "$(TARGET_NAME)";
				SUPPORTS_MACCATALYST = NO;
				SWIFT_VERSION = 5.0;
			};
			name = Release;
		};
/* End XCBuildConfiguration section */

/* Begin XCConfigurationList section */
		AE000001 /* Build configuration list for PBXProject "MockTab" */ = {
			isa = XCConfigurationList;
			buildConfigurations = (
				AE000002 /* Debug */,
				AE000003 /* Release */,
			);
			defaultConfigurationIsVisible = 0;
			defaultConfigurationName = Release;
		};
		AE000010 /* Build configuration list for PBXNativeTarget "MockTab" */ = {
			isa = XCConfigurationList;
			buildConfigurations = (
				AE000012 /* Debug */,
				AE000013 /* Release */,
			);
			defaultConfigurationIsVisible = 0;
			defaultConfigurationName = Release;
		};
		AE000020 /* Build configuration list for PBXNativeTarget "WacomShim" */ = {
			isa = XCConfigurationList;
			buildConfigurations = (
				AE000022 /* Debug */,
				AE000023 /* Release */,
			);
			defaultConfigurationIsVisible = 0;
			defaultConfigurationName = Release;
		};
/* End XCConfigurationList section */
	};
	rootObject = AF000001 /* Project object */;
}
